#MicroXplorer Configuration settings - do not modify
ADC1.Channel-1\#ChannelRegularConversion=ADC_CHANNEL_1
ADC1.Channel-2\#ChannelRegularConversion=ADC_CHANNEL_5
ADC1.ClockPrescaler=ADC_CLOCK_ASYNC_DIV4
ADC1.ContinuousConvMode=DISABLE
ADC1.DMAContinuousRequests=DISABLE
ADC1.DataAlign=ADC_DATAALIGN_LEFT
ADC1.DiscontinuousConvMode=DISABLE
ADC1.EOCSelection=ADC_EOC_SINGLE_CONV
ADC1.EnableAnalogWatchDog1=false
ADC1.EnableAnalogWatchDog2=false
ADC1.EnableAnalogWatchDog3=false
ADC1.EnableInjectedConversion=ENABLE
ADC1.EnableRegularConversion=ENABLE
ADC1.ExternalTrigConv=ADC_SOFTWARE_START
ADC1.ExternalTrigConvEdge=ADC_EXTERNALTRIGCONVEDGE_NONE
ADC1.ExternalTrigInjecConv=ADC_EXTERNALTRIGINJEC_T1_CC4
ADC1.ExternalTrigInjecConvEdge=ADC_EXTERNALTRIGINJECCONV_EDGE_RISING
ADC1.IPParameters=ClockPrescaler,DataAlign,Resolution,ContinuousConvMode,DiscontinuousConvMode,DMAContinuousRequests,EOCSelection,Overrun,LowPowerAutoWait,master,EnableAnalogWatchDog1,EnableAnalogWatchDog2,EnableAnalogWatchDog3,EnableInjectedConversion,InjectedConvMode,ExternalTrigInjecConv,ExternalTrigInjecConvEdge,InjNumberOfConversion,InjectedRank-1\#ChannelInjectedConversion,InjectedChannel-1\#ChannelInjectedConversion,InjectedSamplingTime-1\#ChannelInjectedConversion,InjectedOffsetNumber-1\#ChannelInjectedConversion,InjectedOffset-1\#ChannelInjectedConversion,InjectedRank-2\#ChannelInjectedConversion,InjectedChannel-2\#ChannelInjectedConversion,InjectedSamplingTime-2\#ChannelInjectedConversion,InjectedOffsetNumber-2\#ChannelInjectedConversion,InjectedOffset-2\#ChannelInjectedConversion,EnableRegularConversion,ExternalTrigConv,ExternalTrigConvEdge,ScanConvMode,NbrOfConversionFlag,NbrOfConversion,Rank-1\#ChannelRegularConversion,Channel-1\#ChannelRegularConversion,SamplingTime-1\#ChannelRegularConversion,OffsetNumber-1\#ChannelRegularConversion,Offset-1\#ChannelRegularConversion,Rank-2\#ChannelRegularConversion,Channel-2\#ChannelRegularConversion,SamplingTime-2\#ChannelRegularConversion,OffsetNumber-2\#ChannelRegularConversion,Offset-2\#ChannelRegularConversion
ADC1.InjNumberOfConversion=2
ADC1.InjectedChannel-1\#ChannelInjectedConversion=ADC_CHANNEL_3
ADC1.InjectedChannel-2\#ChannelInjectedConversion=ADC_CHANNEL_12
ADC1.InjectedConvMode=None
ADC1.InjectedOffset-1\#ChannelInjectedConversion=0
ADC1.InjectedOffset-2\#ChannelInjectedConversion=0
ADC1.InjectedOffsetNumber-1\#ChannelInjectedConversion=ADC_OFFSET_NONE
ADC1.InjectedOffsetNumber-2\#ChannelInjectedConversion=ADC_OFFSET_NONE
ADC1.InjectedRank-1\#ChannelInjectedConversion=1
ADC1.InjectedRank-2\#ChannelInjectedConversion=2
ADC1.InjectedSamplingTime-1\#ChannelInjectedConversion=ADC_SAMPLETIME_12CYCLES_5
ADC1.InjectedSamplingTime-2\#ChannelInjectedConversion=ADC_SAMPLETIME_12CYCLES_5
ADC1.LowPowerAutoWait=DISABLE
ADC1.NbrOfConversion=2
ADC1.NbrOfConversionFlag=1
ADC1.Offset-1\#ChannelRegularConversion=0
ADC1.Offset-2\#ChannelRegularConversion=0
ADC1.OffsetNumber-1\#ChannelRegularConversion=ADC_OFFSET_NONE
ADC1.OffsetNumber-2\#ChannelRegularConversion=ADC_OFFSET_NONE
ADC1.Overrun=ADC_OVR_DATA_PRESERVED
ADC1.Rank-1\#ChannelRegularConversion=1
ADC1.Rank-2\#ChannelRegularConversion=2
ADC1.Resolution=ADC_RESOLUTION_12B
ADC1.SamplingTime-1\#ChannelRegularConversion=ADC_SAMPLETIME_47CYCLES_5
ADC1.SamplingTime-2\#ChannelRegularConversion=ADC_SAMPLETIME_47CYCLES_5
ADC1.ScanConvMode=ADC_SCAN_ENABLE
ADC1.master=1
ADC2.ClockPrescaler=ADC_CLOCK_ASYNC_DIV4
ADC2.ContinuousConvMode=DISABLE
ADC2.DMAContinuousRequests=DISABLE
ADC2.DataAlign=ADC_DATAALIGN_LEFT
ADC2.DiscontinuousConvMode=DISABLE
ADC2.EOCSelection=ADC_EOC_SINGLE_CONV
ADC2.EnableAnalogWatchDog1=false
ADC2.EnableAnalogWatchDog2=false
ADC2.EnableAnalogWatchDog3=false
ADC2.EnableInjectedConversion=ENABLE
ADC2.EnableRegularConversion=DISABLE
ADC2.ExternalTrigInjecConv=ADC_EXTERNALTRIGINJEC_T1_CC4
ADC2.ExternalTrigInjecConvEdge=ADC_EXTERNALTRIGINJECCONV_EDGE_RISING
ADC2.IPParameters=ClockPrescaler,DataAlign,Resolution,ContinuousConvMode,DiscontinuousConvMode,DMAContinuousRequests,EOCSelection,Overrun,LowPowerAutoWait,master,EnableAnalogWatchDog1,EnableAnalogWatchDog2,EnableAnalogWatchDog3,EnableInjectedConversion,InjectedConvMode,ExternalTrigInjecConv,ExternalTrigInjecConvEdge,InjNumberOfConversion,InjectedRank-1\#ChannelInjectedConversion,InjectedChannel-1\#ChannelInjectedConversion,InjectedSamplingTime-1\#ChannelInjectedConversion,InjectedOffsetNumber-1\#ChannelInjectedConversion,InjectedOffset-1\#ChannelInjectedConversion,InjectedRank-2\#ChannelInjectedConversion,InjectedChannel-2\#ChannelInjectedConversion,InjectedSamplingTime-2\#ChannelInjectedConversion,InjectedOffsetNumber-2\#ChannelInjectedConversion,InjectedOffset-2\#ChannelInjectedConversion,EnableRegularConversion,ScanConvMode
ADC2.InjNumberOfConversion=2
ADC2.InjectedChannel-1\#ChannelInjectedConversion=ADC_CHANNEL_3
ADC2.InjectedChannel-2\#ChannelInjectedConversion=ADC_CHANNEL_VOPAMP3_ADC2
ADC2.InjectedConvMode=None
ADC2.InjectedOffset-1\#ChannelInjectedConversion=0
ADC2.InjectedOffset-2\#ChannelInjectedConversion=0
ADC2.InjectedOffsetNumber-1\#ChannelInjectedConversion=ADC_OFFSET_NONE
ADC2.InjectedOffsetNumber-2\#ChannelInjectedConversion=ADC_OFFSET_NONE
ADC2.InjectedRank-1\#ChannelInjectedConversion=1
ADC2.InjectedRank-2\#ChannelInjectedConversion=2
ADC2.InjectedSamplingTime-1\#ChannelInjectedConversion=ADC_SAMPLETIME_12CYCLES_5
ADC2.InjectedSamplingTime-2\#ChannelInjectedConversion=ADC_SAMPLETIME_12CYCLES_5
ADC2.LowPowerAutoWait=DISABLE
ADC2.Overrun=ADC_OVR_DATA_PRESERVED
ADC2.Resolution=ADC_RESOLUTION_12B
ADC2.ScanConvMode=ADC_SCAN_ENABLE
ADC2.master=1
COMP1.IPParameters=Output
COMP1.Output=COMP_OUTPUT_TIM1BKIN2
COMP2.IPParameters=Output
COMP2.Output=COMP_OUTPUT_TIM1BKIN2
COMP4.IPParameters=Output
COMP4.Output=COMP_OUTPUT_TIM1BKIN2
DAC1.DAC_OutputBuffer=DAC_OUTPUTBUFFER_DISABLE
DAC1.DAC_Trigger_OUT1=DAC_TRIGGER_SOFTWARE
DAC1.IPParameters=DAC_Trigger_OUT1,DAC_OutputBuffer
ExtraMW=MotorControl
ExtraMW.MotorControl.Config=MotorControl
ExtraMW.MotorControl.Mode=MotorControl
ExtraMW.MotorControl.Root=MotorControlDev/
ExtraMW.MotorControl.Template=templates
File.Version=6
KeepUserPlacement=false
Mcu.Family=STM32G4
Mcu.IP0=ADC1
Mcu.IP1=ADC2
Mcu.IP10=OPAMP2
Mcu.IP11=OPAMP3
Mcu.IP12=RCC
Mcu.IP13=SYS
Mcu.IP14=TIM1
Mcu.IP15=TIM2
Mcu.IP16=USART2
Mcu.IP2=COMP1
Mcu.IP3=COMP2
Mcu.IP4=COMP4
Mcu.IP5=CORDIC
Mcu.IP6=DAC1
Mcu.IP7=MotorControl
Mcu.IP8=NVIC
Mcu.IP9=OPAMP1
Mcu.IPNb=17
Mcu.Name=STM32G431C(6-8-B)Ux
Mcu.Package=UFQFPN48
Mcu.Pin0=PC13
Mcu.Pin1=PF0-OSC_IN
Mcu.Pin10=PA7
Mcu.Pin11=PB0
Mcu.Pin12=PB1
Mcu.Pin13=PB2
Mcu.Pin14=PB14
Mcu.Pin15=PB15
Mcu.Pin16=PC6
Mcu.Pin17=PA8
Mcu.Pin18=PA9
Mcu.Pin19=PA10
Mcu.Pin2=PF1-OSC_OUT
Mcu.Pin20=PA12
Mcu.Pin21=PA13
Mcu.Pin22=PA14
Mcu.Pin23=PA15
Mcu.Pin24=PC10
Mcu.Pin25=PB3
Mcu.Pin26=PB4
Mcu.Pin27=VP_ADC2_OPAMP_INTERNAL3
Mcu.Pin28=VP_COMP1_VS_VREFINT14
Mcu.Pin29=VP_COMP2_VS_VREFINT14
Mcu.Pin3=PA0
Mcu.Pin30=VP_COMP4_VS_VREFINT14
Mcu.Pin31=VP_CORDIC_VS_CORDIC
Mcu.Pin32=VP_SYS_VS_Systick
Mcu.Pin33=VP_SYS_VS_DBSignals
Mcu.Pin34=VP_TIM1_VS_ControllerModeTrigger
Mcu.Pin35=VP_TIM1_VS_ClockSourceITR
Mcu.Pin36=VP_TIM1_VS_no_output4
Mcu.Pin37=VP_TIM2_VS_ControllerModeReset
Mcu.Pin38=VP_MotorControl_MC_ENABLED
Mcu.Pin4=PA1
Mcu.Pin5=PA2
Mcu.Pin6=PA3
Mcu.Pin7=PA4
Mcu.Pin8=PA5
Mcu.Pin9=PA6
Mcu.PinsNb=39
Mcu.ThirdPartyNb=0
Mcu.UserConstants=
Mcu.UserName=STM32G431CBUx
MotorControl.ADC_1_PERIPH=ADC1
MotorControl.ADC_2_PERIPH=ADC2
MotorControl.ADC_AHBPERIPH=RCC_AHBPeriph_ADC12
MotorControl.ADC_CLOCK_WB_DIV=4
MotorControl.ADC_CLOCK_WB_FREQ=68
MotorControl.ADC_PERIPH=ADC1
MotorControl.ADC_REFERENCE_VOLTAGE=3.30
MotorControl.ALIGNMENT_ANGLE_DEG=90
MotorControl.ALIGNMENT_DURATION=700
MotorControl.AMPLIFICATION_GAIN=9.14
MotorControl.ANGC={0,0,0,0,0,0,0,0}
MotorControl.BEMF_CONSISTENCY_GAIN=64
MotorControl.BEMF_CONSISTENCY_TOL=64
MotorControl.BKIN1_FILTER=0
MotorControl.BKIN2_FILTER=3
MotorControl.BKIN2_MODE=INT_MODE
MotorControl.BKIN_MODE=NONE
MotorControl.BOARD=B-G431B-ESC1
MotorControl.BRKIN2_GPIO_AF=GPIO_AF_12
MotorControl.BRKIN_GPIO_AF=GPIO_AF_2
MotorControl.BUS_VOLTAGE_READING=true
MotorControl.CCMRAM_ENABLED=true
MotorControl.CLOCK_FREQUENCY=CPU_CLK_170_MHZ
MotorControl.CLOCK_SOURCE=EXTERNAL
MotorControl.CONSTANT1_D=2168275
MotorControl.CONSTANT1_Q=2168275
MotorControl.CONSTANT2_QD=117061
MotorControl.CORD_BEMF_CONSISTENCY_GAIN=64
MotorControl.CORD_BEMF_CONSISTENCY_TOL=64
MotorControl.CORD_F1=16384
MotorControl.CORD_F2=512
MotorControl.CORD_FIFO_DEPTH_01HZ=64
MotorControl.CORD_FIFO_DEPTH_DPP=64
MotorControl.CORD_GAIN1=-24217
MotorControl.CORD_GAIN2=16153
MotorControl.CORD_MAX_ACCEL_DPPP=19
MotorControl.CORD_MEAS_ERRORS_BEFORE_FAULTS=3
MotorControl.CORD_VARIANCE_THRESHOLD=4
MotorControl.CPU_CLK_170_MHZ=true
MotorControl.CTRBDID=10015
MotorControl.CURRENT_READING_TOPOLOGY=THREE_SHUNT_INDEPENDENT_RESOURCES
MotorControl.CURR_SAMPLING_TIME=12
MotorControl.DAC_EMULATED=false
MotorControl.DAC_FUNCTIONALITY=true
MotorControl.DAC_TIMER_CH1_GPIO_PIN=LL_GPIO_PIN_4
MotorControl.DAC_TIMER_CH1_GPIO_PORT=GPIOA
MotorControl.DAC_TIMER_CH2_GPIO_PIN=LL_GPIO_PIN_0
MotorControl.DAC_TIMER_CH2_GPIO_PORT=GPIOA
MotorControl.DAC_TIMER_REMAPPING=NO_REMAP
MotorControl.DAC_TIMER_SELECTION=TIM3
MotorControl.DC_CURRENT_RS_MEAS=1.60
MotorControl.DEBUG_DAC_CH1=true
MotorControl.DEBUG_DAC_CH2=false
MotorControl.DEFAULT_CONTROL_MODE=STC_SPEED_MODE
MotorControl.DEFAULT_DAC_CHANNEL_1=MC_PROTOCOL_REG_OBS_EL_ANGLE
MotorControl.DEFAULT_DAC_CHANNEL_2=MC_PROTOCOL_REG_I_B
MotorControl.DEFAULT_DAC_MOTOR=0
MotorControl.DEFAULT_FLUX_COMPONENT=0
MotorControl.DEFAULT_TARGET_SPEED_RPM=1440
MotorControl.DEFAULT_TORQUE_COMPONENT=0
MotorControl.DISSIPATIVE_BRAKE_POLARITY=DOUT_ACTIVE_HIGH
MotorControl.DRIVES_NUMBER_SELECTION=SINGLEDRIVE
MotorControl.EMERGENCY2_STOP_GPIO_PIN=LL_GPIO_PIN_11
MotorControl.EMERGENCY2_STOP_GPIO_PORT=GPIOA
MotorControl.EMERGENCY_STOP_GPIO_PIN=LL_GPIO_PIN_11
MotorControl.EMERGENCY_STOP_GPIO_PORT=GPIOA
MotorControl.ENABLE_SL_ALGO_FROM_PHASE=2
MotorControl.ENCODER_AVAILABLE=true
MotorControl.ENCODER_PPR=400
MotorControl.ENC_AVERAGING_FIFO_DEPTH=16
MotorControl.ENC_A_GPIO_PIN=LL_GPIO_PIN_0
MotorControl.ENC_A_GPIO_PORT=GPIOA
MotorControl.ENC_B_GPIO_PIN=LL_GPIO_PIN_1
MotorControl.ENC_B_GPIO_PORT=GPIOA
MotorControl.ENC_ICx_FILTER=119
MotorControl.ENC_INVERT_SPEED=false
MotorControl.ENC_MEAS_ERRORS_BEFORE_FAULTS=3
MotorControl.ENC_TIMER_REMAPPING=NO_REMAP_TIM2
MotorControl.ENC_TIMER_SELECTION=ENC_TIM2
MotorControl.EXT_CLK_8_MHZ=true
MotorControl.EXT_CLOCK_FREQUENCY=EXT_CLK_8_MHZ
MotorControl.F1=16384
MotorControl.F2=512
MotorControl.FEEDBACK_NET_FILTERING=true
MotorControl.FEED_FORWARD_CURRENT_REG_ENABLING=false
MotorControl.FINAL_I_ALIGNMENT=1061
MotorControl.FLUX_WEAKENING_ENABLING=false
MotorControl.FW_KIDIV=32768
MotorControl.FW_KI_GAIN=5000
MotorControl.FW_KPDIV=32768
MotorControl.FW_KP_GAIN=3000
MotorControl.FW_VOLTAGE_REF=985
MotorControl.GAIN1=-24217
MotorControl.GAIN2=16153
MotorControl.H1_GPIO_PIN=LL_GPIO_PIN_6
MotorControl.H1_GPIO_PORT=GPIOB
MotorControl.H2_GPIO_PIN=LL_GPIO_PIN_7
MotorControl.H2_GPIO_PORT=GPIOB
MotorControl.H3_GPIO_PIN=LL_GPIO_PIN_8
MotorControl.H3_GPIO_PORT=GPIOB
MotorControl.HALL_AVERAGING_FIFO_DEPTH=6
MotorControl.HALL_ICx_FILTER=221
MotorControl.HALL_MEAS_ERRORS_BEFORE_FAULTS=3
MotorControl.HALL_PHASE_SHIFT=300
MotorControl.HALL_SENSORS_AVAILABLE=true
MotorControl.HALL_SENSORS_PLACEMENT=DEGREES_120
MotorControl.HALL_TIMER_REMAPPING=NO_REMAP_TIM4
MotorControl.HALL_TIMER_SELECTION=HALL_TIM4
MotorControl.HFI_AMPLITUDE=25
MotorControl.HFI_DC_0_COEFF=0.00146
MotorControl.HFI_DC_1_COEFF=0.002921
MotorControl.HFI_DC_2_COEFF=0.00146
MotorControl.HFI_DC_3_COEFF=1.889033
MotorControl.HFI_DC_4_COEFF=-0.894874
MotorControl.HFI_DEBUG_MODE=false
MotorControl.HFI_FREQUENCY=400
MotorControl.HFI_HIFRAMPLSCAN=25
MotorControl.HFI_HP_ID_0_COEFF=0.939693
MotorControl.HFI_HP_ID_1_COEFF=-1.879386
MotorControl.HFI_HP_ID_2_COEFF=0.939693
MotorControl.HFI_HP_ID_3_COEFF=1.875746
MotorControl.HFI_HP_ID_4_COEFF=-0.883026
MotorControl.HFI_IDH_DELAY=32400
MotorControl.HFI_LOCKFREQ=33
MotorControl.HFI_LP_ID_0_COEFF=0.00597
MotorControl.HFI_LP_ID_1_COEFF=0.011941
MotorControl.HFI_LP_ID_2_COEFF=0.00597
MotorControl.HFI_LP_ID_3_COEFF=1.769837
MotorControl.HFI_LP_ID_4_COEFF=-0.793719
MotorControl.HFI_MAXANGLEDIFF=3640
MotorControl.HFI_MINIMUM_SPEED_RPM=402
MotorControl.HFI_NOTCH_IQD_0_COEFF=0.969619
MotorControl.HFI_NOTCH_IQD_1_COEFF=-1.923946
MotorControl.HFI_NOTCH_IQD_2_COEFF=0.969619
MotorControl.HFI_NOTCH_IQD_3_COEFF=1.923946
MotorControl.HFI_NOTCH_IQD_4_COEFF=-0.939237
MotorControl.HFI_NSDETPOINTSSKIP=10
MotorControl.HFI_NSMAXDETPOINTS=20
MotorControl.HFI_NS_MIN_SAT_DIFF=0
MotorControl.HFI_PID_KIDIV=32768
MotorControl.HFI_PID_KI_DEFAULT=400
MotorControl.HFI_PID_KPDIV=16384
MotorControl.HFI_PID_KP_DEFAULT=800
MotorControl.HFI_PLL_KI_DEFAULT=0.00400
MotorControl.HFI_PLL_KP_DEFAULT=0.00060
MotorControl.HFI_RESTARTTIMESEC=0.1
MotorControl.HFI_RESTART_RPM_TH=(((HFI_STO_RPM_TH)+(STO_HFI_RPM_TH))/2)
MotorControl.HFI_REVERT_DIRECTION=true
MotorControl.HFI_SCANROTATIONSNO=3
MotorControl.HFI_SPD_BUFFER_DEPTH_01HZ=64
MotorControl.HFI_STEPANGLE=3640
MotorControl.HFI_STO_RPM_TH=OBS_MINIMUM_SPEED_RPM
MotorControl.HFI_WAITAFTERNS2=4
MotorControl.HFI_WAITBEFORESN=6
MotorControl.HFI_WAITSYNCH=20
MotorControl.HFI_WAITTRACK=20
MotorControl.HIGH_SIDE_BRAKE_STATE=false
MotorControl.HIGH_SIDE_IDLE_STATE=false
MotorControl.HW_COMPLEMENTED_LOW_SIDE=false
MotorControl.HW_DEAD_TIME_NS=500
MotorControl.HW_OV_CURRENT_PROT_BYPASS=false
MotorControl.ID_DEMAG=-871
MotorControl.INRUSH_CURRLIMIT_AT_POWER_ON=true
MotorControl.INRUSH_CURRLIMIT_CHANGE_AFTER_MS=1000
MotorControl.INRUSH_CURRLIMIT_ENABLING=false
MotorControl.INRUSH_CURRLIMIT_GPIO_PIN=LL_GPIO_PIN_4
MotorControl.INRUSH_CURRLIMIT_GPIO_PORT=GPIOD
MotorControl.INRUSH_CURR_LIMITER_POLARITY=DOUT_ACTIVE_HIGH
MotorControl.INTERNAL_OVERCURRENTPROTECTION=true
MotorControl.INTERNAL_OVERVOLTAGEPROTECTION=false
MotorControl.INVERTERBOARD=ESC_G4
MotorControl.IPParameters=ADC_1_PERIPH,ADC_2_PERIPH,ADC_AHBPERIPH,ADC_CLOCK_WB_DIV,ADC_CLOCK_WB_FREQ,ADC_PERIPH,ADC_REFERENCE_VOLTAGE,ALIGNMENT_ANGLE_DEG,ALIGNMENT_DURATION,AMPLIFICATION_GAIN,ANGC,BEMF_CONSISTENCY_GAIN,BEMF_CONSISTENCY_TOL,BKIN_MODE,BKIN1_FILTER,BKIN2_FILTER,BKIN2_MODE,BOARD,BRKIN_GPIO_AF,BRKIN2_GPIO_AF,BUS_VOLTAGE_READING,CCMRAM_ENABLED,CLOCK_FREQUENCY,CLOCK_SOURCE,CONSTANT1_D,CONSTANT1_Q,CONSTANT2_QD,CORD_BEMF_CONSISTENCY_GAIN,CORD_BEMF_CONSISTENCY_TOL,CORD_F1,CORD_F2,CORD_FIFO_DEPTH_01HZ,CORD_FIFO_DEPTH_DPP,CORD_GAIN1,CORD_GAIN2,CORD_MAX_ACCEL_DPPP,CORD_MEAS_ERRORS_BEFORE_FAULTS,CORD_VARIANCE_THRESHOLD,CPU_CLK_170_MHZ,CTRBDID,CURR_SAMPLING_TIME,CURRENT_READING_TOPOLOGY,DAC_EMULATED,DAC_FUNCTIONALITY,DAC_TIMER_CH1_GPIO_PIN,DAC_TIMER_CH1_GPIO_PORT,DAC_TIMER_CH2_GPIO_PIN,DAC_TIMER_CH2_GPIO_PORT,DAC_TIMER_REMAPPING,DAC_TIMER_SELECTION,DC_CURRENT_RS_MEAS,DEBUG_DAC_CH1,DEBUG_DAC_CH2,DEFAULT_CONTROL_MODE,DEFAULT_DAC_CHANNEL_1,DEFAULT_DAC_CHANNEL_2,DEFAULT_DAC_MOTOR,DEFAULT_FLUX_COMPONENT,DEFAULT_TARGET_SPEED_RPM,DEFAULT_TORQUE_COMPONENT,DISSIPATIVE_BRAKE_POLARITY,DRIVES_NUMBER_SELECTION,dV_dT,EMERGENCY_STOP_GPIO_PIN,EMERGENCY_STOP_GPIO_PORT,EMERGENCY2_STOP_GPIO_PIN,EMERGENCY2_STOP_GPIO_PORT,ENABLE_SL_ALGO_FROM_PHASE,ENC_A_GPIO_PIN,ENC_A_GPIO_PORT,ENC_AVERAGING_FIFO_DEPTH,ENC_B_GPIO_PIN,ENC_B_GPIO_PORT,ENC_ICx_FILTER,ENC_INVERT_SPEED,ENC_MEAS_ERRORS_BEFORE_FAULTS,ENC_TIMER_REMAPPING,ENC_TIMER_SELECTION,ENCODER_AVAILABLE,ENCODER_PPR,EXT_CLK_8_MHZ,EXT_CLOCK_FREQUENCY,F1,F2,FEED_FORWARD_CURRENT_REG_ENABLING,FEEDBACK_NET_FILTERING,FINAL_I_ALIGNMENT,FLUX_WEAKENING_ENABLING,FW_KI_GAIN,FW_KIDIV,FW_KP_GAIN,FW_KPDIV,FW_VOLTAGE_REF,GAIN1,GAIN2,H1_GPIO_PIN,H1_GPIO_PORT,H2_GPIO_PIN,H2_GPIO_PORT,H3_GPIO_PIN,H3_GPIO_PORT,HALL_AVERAGING_FIFO_DEPTH,HALL_ICx_FILTER,HALL_MEAS_ERRORS_BEFORE_FAULTS,HALL_PHASE_SHIFT,HALL_SENSORS_AVAILABLE,HALL_SENSORS_PLACEMENT,HALL_TIMER_REMAPPING,HALL_TIMER_SELECTION,HFI_AMPLITUDE,HFI_DC_0_COEFF,HFI_DC_1_COEFF,HFI_DC_2_COEFF,HFI_DC_3_COEFF,HFI_DC_4_COEFF,HFI_DEBUG_MODE,HFI_FREQUENCY,HFI_HIFRAMPLSCAN,HFI_HP_ID_0_COEFF,HFI_HP_ID_1_COEFF,HFI_HP_ID_2_COEFF,HFI_HP_ID_3_COEFF,HFI_HP_ID_4_COEFF,HFI_IDH_DELAY,HFI_LOCKFREQ,HFI_LP_ID_0_COEFF,HFI_LP_ID_1_COEFF,HFI_LP_ID_2_COEFF,HFI_LP_ID_3_COEFF,HFI_LP_ID_4_COEFF,HFI_MAXANGLEDIFF,HFI_MINIMUM_SPEED_RPM,HFI_NOTCH_IQD_0_COEFF,HFI_NOTCH_IQD_1_COEFF,HFI_NOTCH_IQD_2_COEFF,HFI_NOTCH_IQD_3_COEFF,HFI_NOTCH_IQD_4_COEFF,HFI_NS_MIN_SAT_DIFF,HFI_NSDETPOINTSSKIP,HFI_NSMAXDETPOINTS,HFI_PID_KI_DEFAULT,HFI_PID_KIDIV,HFI_PID_KP_DEFAULT,HFI_PID_KPDIV,HFI_PLL_KI_DEFAULT,HFI_PLL_KP_DEFAULT,HFI_RESTART_RPM_TH,HFI_RESTARTTIMESEC,HFI_REVERT_DIRECTION,HFI_SCANROTATIONSNO,HFI_SPD_BUFFER_DEPTH_01HZ,HFI_STEPANGLE,HFI_STO_RPM_TH,HFI_WAITAFTERNS2,HFI_WAITBEFORESN,HFI_WAITSYNCH,HFI_WAITTRACK,HIGH_SIDE_BRAKE_STATE,HIGH_SIDE_IDLE_STATE,HW_COMPLEMENTED_LOW_SIDE,HW_DEAD_TIME_NS,HW_OV_CURRENT_PROT_BYPASS,ID_DEMAG,INRUSH_CURR_LIMITER_POLARITY,INRUSH_CURRLIMIT_AT_POWER_ON,INRUSH_CURRLIMIT_CHANGE_AFTER_MS,INRUSH_CURRLIMIT_ENABLING,INRUSH_CURRLIMIT_GPIO_PIN,INRUSH_CURRLIMIT_GPIO_PORT,INTERNAL_OVERCURRENTPROTECTION,INTERNAL_OVERVOLTAGEPROTECTION,INVERTERBOARD,IQMAX,LCD_JOYSTICK_FUNCTIONALITY,LCD_MODE,LDLQ_RATIO,LOW_SIDE_BRAKE_STATE,LOW_SIDE_IDLE_STATE,LOW_SIDE_SIGNALS_ENABLING,LS,MAX_APPLICATION_SPEED,MAX_MODULATION_95_PER_CENT,MAX_MODULATION_INDEX,MC_WORKBENCH_VERSION,MCU,MCU_TYPE,MEAS_ERRORS_BEFORE_FAULTS,MIN_APPLICATION_SPEED,MOTOR_MAX_SPEED_RPM,MOTOR_TYPE,MOTOR_VOLTAGE_CONSTANT,MTPA_ENABLING,NB_CONSECUTIVE_TESTS,NOMINAL_BUS_VOLTAGE_V,NOMINAL_CURRENT,OBS_MEAS_ERRORS_BEFORE_FAULTS,OBS_MINIMUM_SPEED_RPM,OCP_COMP_THRESHOLD,OCP_FILTER,OCP_INVERTINGINPUT,OCP_INVERTINGINPUT_GPIO_PIN,OCP_INVERTINGINPUT_GPIO_PORT,OCP_INVERTINGINPUT_MODE,OCP_NONINVERTINGINPUT,OCP_NONINVERTINGINPUT_GPIO_PIN,OCP_NONINVERTINGINPUT_GPIO_PORT,OCP_OUTPUT,OCP_OUTPUT_GPIO_AF,OCP_OUTPUT_GPIO_PIN,OCP_OUTPUT_GPIO_PORT,OCP_OUTPUT_MODE,OCP_OUTPUTPOL,OCP_SELECTION,OCPA_INVERTINGINPUT,OCPA_INVERTINGINPUT_GPIO_PIN,OCPA_INVERTINGINPUT_GPIO_PORT,OCPA_INVERTINGINPUT_MODE,OCPA_NONINVERTINGINPUT,OCPA_NONINVERTINGINPUT_GPIO_PIN,OCPA_NONINVERTINGINPUT_GPIO_PORT,OCPA_OUTPUT,OCPA_OUTPUT_GPIO_AF,OCPA_OUTPUT_GPIO_PIN,OCPA_OUTPUT_GPIO_PORT,OCPA_OUTPUT_MODE,OCPA_OUTPUTPOL,OCPA_SELECTION,OCPB_INVERTINGINPUT,OCPB_INVERTINGINPUT_GPIO_PIN,OCPB_INVERTINGINPUT_GPIO_PORT,OCPB_INVERTINGINPUT_MODE,OCPB_NONINVERTINGINPUT,OCPB_NONINVERTINGINPUT_GPIO_PIN,OCPB_NONINVERTINGINPUT_GPIO_PORT,OCPB_OUTPUT,OCPB_OUTPUT_GPIO_AF,OCPB_OUTPUT_GPIO_PIN,OCPB_OUTPUT_GPIO_PORT,OCPB_OUTPUT_MODE,OCPB_OUTPUTPOL,OCPB_SELECTION,OCPC_INVERTINGINPUT,OCPC_INVERTINGINPUT_GPIO_PIN,OCPC_INVERTINGINPUT_GPIO_PORT,OCPC_INVERTINGINPUT_MODE,OCPC_NONINVERTINGINPUT,OCPC_NONINVERTINGINPUT_GPIO_PIN,OCPC_NONINVERTINGINPUT_GPIO_PORT,OCPC_OUTPUT,OCPC_OUTPUT_GPIO_AF,OCPC_OUTPUT_GPIO_PIN,OCPC_OUTPUT_GPIO_PORT,OCPC_OUTPUT_MODE,OCPC_OUTPUTPOL,OCPC_SELECTION,OCPREF,OFST,ON_OVER_VOLTAGE,OPAMP_INVERTINGINPUT,OPAMP_INVERTINGINPUT_GPIO_PIN,OPAMP_INVERTINGINPUT_GPIO_PORT,OPAMP_INVERTINGINPUT_MODE,OPAMP_NONINVERTINGINPUT,OPAMP_NONINVERTINGINPUT_GPIO_PIN,OPAMP_NONINVERTINGINPUT_GPIO_PORT,OPAMP_OUT_GPIO_PIN,OPAMP_OUT_GPIO_PORT,OPAMP_PGACONNECT,OPAMP_PGAGAIN,OPAMP_SELECTION,OPAMP_TYPE_GAIN,OPAMP1_INVERTINGINPUT,OPAMP1_INVERTINGINPUT_GPIO_PIN,OPAMP1_INVERTINGINPUT_GPIO_PORT,OPAMP1_INVERTINGINPUT_MODE,OPAMP1_NONINVERTINGINPUT_PHA,OPAMP1_NONINVERTINGINPUT_PHA_GPIO_PIN,OPAMP1_NONINVERTINGINPUT_PHA_GPIO_PORT,OPAMP1_NONINVERTINGINPUT_PHB,OPAMP1_NONINVERTINGINPUT_PHB_GPIO_PIN,OPAMP1_NONINVERTINGINPUT_PHB_GPIO_PORT,OPAMP1_OUT_GPIO_PIN,OPAMP1_OUT_GPIO_PORT,OPAMP1_SELECTION,OPAMP2_INVERTINGINPUT,OPAMP2_INVERTINGINPUT_GPIO_PIN,OPAMP2_INVERTINGINPUT_GPIO_PORT,OPAMP2_INVERTINGINPUT_MODE,OPAMP2_NONINVERTINGINPUT_PHA,OPAMP2_NONINVERTINGINPUT_PHA_GPIO_PIN,OPAMP2_NONINVERTINGINPUT_PHA_GPIO_PORT,OPAMP2_NONINVERTINGINPUT_PHB,OPAMP2_NONINVERTINGINPUT_PHB_GPIO_PIN,OPAMP2_NONINVERTINGINPUT_PHB_GPIO_PORT,OPAMP2_NONINVERTINGINPUT_PHC,OPAMP2_NONINVERTINGINPUT_PHC_GPIO_PIN,OPAMP2_NONINVERTINGINPUT_PHC_GPIO_PORT,OPAMP2_OUT_GPIO_PIN,OPAMP2_OUT_GPIO_PORT,OPAMP2_SELECTION,OPAMP3_INVERTINGINPUT,OPAMP3_INVERTINGINPUT_GPIO_PIN,OPAMP3_INVERTINGINPUT_GPIO_PORT,OPAMP3_INVERTINGINPUT_MODE,OPAMP3_NONINVERTINGINPUT_PHA,OPAMP3_NONINVERTINGINPUT_PHA_GPIO_PIN,OPAMP3_NONINVERTINGINPUT_PHA_GPIO_PORT,OPAMP3_NONINVERTINGINPUT_PHB,OPAMP3_NONINVERTINGINPUT_PHB_GPIO_PIN,OPAMP3_NONINVERTINGINPUT_PHB_GPIO_PORT,OPAMP3_NONINVERTINGINPUT_PHC,OPAMP3_NONINVERTINGINPUT_PHC_GPIO_PIN,OPAMP3_NONINVERTINGINPUT_PHC_GPIO_PORT,OPAMP3_OUT_GPIO_PIN,OPAMP3_OUT_GPIO_PORT,OPAMP3_SELECTION,OPEN_LOOP_FOC,OPEN_LOOP_K,OPEN_LOOP_OFF,OPEN_LOOP_SPEED_RAMP_DURATION_MS,OPEN_LOOP_SPEED_RPM,OPEN_LOOP_VF,OPEN_LOOP_VOLTAGE_d,OV_CURR_BYPASS_GPIO_PIN,OV_CURR_BYPASS_GPIO_PORT,OV_TEMPERATURE_HYSTERESIS_C,OV_TEMPERATURE_PROT_ENABLING,OV_TEMPERATURE_THRESHOLD_C,OV_VOLTAGE_PROT_ENABLING,OV_VOLTAGE_THRESHOLD_V,OVERCURR_FEEDBACK_POLARITY,OVERCURR_PROTECTION_HW_DISABLING,OVP_FILTER,OVP_INVERTINGINPUT,OVP_INVERTINGINPUT_GPIO_PIN,OVP_INVERTINGINPUT_GPIO_PORT,OVP_INVERTINGINPUT_MODE,OVP_NONINVERTINGINPUT,OVP_NONINVERTINGINPUT_GPIO_PIN,OVP_NONINVERTINGINPUT_GPIO_PORT,OVP_OUTPUT,OVP_OUTPUT_GPIO_AF,OVP_OUTPUT_GPIO_PIN,OVP_OUTPUT_GPIO_PORT,OVP_OUTPUT_MODE,OVP_OUTPUTPOL,OVP_SELECTION,OVPREF,PHASE_CURRENTS_ADC,PHASE_CURRENTS_CHANNEL,PHASE_CURRENTS_GPIO_PIN,PHASE_CURRENTS_GPIO_PORT,PHASE_U_CURR_ADC,PHASE_U_CURR_CHANNEL,PHASE_U_GPIO_PIN,PHASE_U_GPIO_PORT,PHASE_UH_GPIO_AF,PHASE_UH_GPIO_PIN,PHASE_UH_GPIO_PORT,PHASE_UH_POLARITY,PHASE_UL_GPIO_AF,PHASE_UL_GPIO_PIN,PHASE_UL_GPIO_PORT,PHASE_UL_POLARITY,PHASE_V_CURR_ADC,PHASE_V_CURR_CHANNEL,PHASE_V_GPIO_PIN,PHASE_V_GPIO_PORT,PHASE_VH_GPIO_AF,PHASE_VH_GPIO_PIN,PHASE_VH_GPIO_PORT,PHASE_VH_POLARITY,PHASE_VL_GPIO_AF,PHASE_VL_GPIO_PIN,PHASE_VL_GPIO_PORT,PHASE_VL_POLARITY,PHASE_W_CURR_ADC,PHASE_W_CURR_CHANNEL,PHASE_W_GPIO_PIN,PHASE_W_GPIO_PORT,PHASE_WH_GPIO_AF,PHASE_WH_GPIO_PIN,PHASE_WH_GPIO_PORT,PHASE_WH_POLARITY,PHASE_WL_GPIO_AF,PHASE_WL_GPIO_PIN,PHASE_WL_GPIO_PORT,PHASE_WL_POLARITY,PHASE1_DURATION,PHASE1_FINAL_CURRENT,PHASE1_FINAL_SPEED_RPM,PHASE2_DURATION,PHASE2_FINAL_CURRENT,PHASE2_FINAL_SPEED_RPM,PHASE3_DURATION,PHASE3_FINAL_CURRENT,PHASE3_FINAL_SPEED_RPM,PHASE4_DURATION,PHASE4_FINAL_CURRENT,PHASE4_FINAL_SPEED_RPM,PHASE5_DURATION,PHASE5_FINAL_CURRENT,PHASE5_FINAL_SPEED_RPM,PID_FLUX_KD_DEFAULT,PID_FLUX_KI_DEFAULT,PID_FLUX_KP_DEFAULT,PID_SPEED_KD_DEFAULT,PID_SPEED_KI_DEFAULT,PID_SPEED_KP_DEFAULT,PID_TORQUE_KD_DEFAULT,PID_TORQUE_KI_DEFAULT,PID_TORQUE_KP_DEFAULT,PLL_KI_GAIN,PLL_KP_GAIN,POLE_PAIR_NUM,PWBDID,PWM_FREQUENCY,PWM_TIMER_REMAPPING,PWM_TIMER_SELECTION,R_BRAKE_GPIO_PIN,R_BRAKE_GPIO_PORT,R_BRAKE_SWITCH_OFF_THRES_V,REGCONVADC,REGULATION_EXECUTION_RATE,RS,RSHUNT,RTOS,SEGDIV,SERIAL_COM_CHANNEL1,SERIAL_COM_CHANNEL2,SERIAL_COM_MODE,SERIAL_COM_MOTOR,SERIAL_COMMUNICATION,SHARED_SIGNAL_ENABLE,SINGLEDRIVE,SP_KDDIV,SP_KIDIV,SP_KPDIV,SPD_DIFFERENTIAL_TERM_ENABLING,SPEED_BAND_LOWER_LIMIT,SPEED_BAND_UPPER_LIMIT,SPEED_FEEDBACK_CHECK,SPEED_LOOP_FREQUENCY_HZ,SPEED_SENSOR_SELECTION,START_STOP_BTN,START_STOP_GPIO_PIN,START_STOP_GPIO_PORT,START_STOP_POLARITY,START_STOP_POLARITY_EDGE,STARTING_ANGLE_DEG,STATE_OBSERVER_PLL,STM32G431CB,STO_FIFO_DEPTH_01HZ,STO_FIFO_DEPTH_DPP,STO_HFI_RPM_TH,SW_DEADTIME_NS,SW_OV_CURRENT_PROT_ENABLING,T_MAX,T0_C,TEMP_ADC_SAMPLING_TIME,TEMP_FDBK_ADC,TEMP_FDBK_CHANNEL,TEMP_FDBK_GPIO_PIN,TEMP_FDBK_GPIO_PORT,TEMPERATURE_READING,TF_KDDIV,TF_KIDIV,TF_KPDIV,TFDIFFERENTIAL_TERM_ENABLING,THREE_SHUNT_INDEPENDENT_RESOURCES,TNOISE_NS,TRANSITION_DURATION,TRISE_NS,UD_VOLTAGE_THRESHOLD_V,USART_REMAPPING,USART_RX_GPIO_PIN,USART_RX_GPIO_PORT,USART_SELECTION,USART_SPEED,USART_TX_GPIO_PIN,USART_TX_GPIO_PORT,USE_3OPAMPS,USE_INTERNAL_OPAMP,UV_VOLTAGE_PROT_ENABLING,V0_V,VARIANCE_THRESHOLD,VBUS_ADC,VBUS_ADC_SAMPLING_TIME,VBUS_CHANNEL,VBUS_GPIO_PIN,VBUS_GPIO_PORT,VBUS_PARTITIONING_FACTOR,WB_to_Mx_template_version,WB_to_Mx_version
MotorControl.IQMAX=871
MotorControl.LCD_JOYSTICK_FUNCTIONALITY=false
MotorControl.LCD_MODE=LCD_FULL
MotorControl.LDLQ_RATIO=1.000
MotorControl.LOW_SIDE_BRAKE_STATE=false
MotorControl.LOW_SIDE_IDLE_STATE=false
MotorControl.LOW_SIDE_SIGNALS_ENABLING=LS_PWM_TIMER
MotorControl.LS=0.000600
MotorControl.MAX_APPLICATION_SPEED=4000
MotorControl.MAX_MODULATION_95_PER_CENT=true
MotorControl.MAX_MODULATION_INDEX=MAX_MODULATION_95_PER_CENT
MotorControl.MCU=STM32G431CB
MotorControl.MCU_TYPE=STM32G431CB
MotorControl.MC_WORKBENCH_VERSION=5.4.0.19128
MotorControl.MEAS_ERRORS_BEFORE_FAULTS=3
MotorControl.MIN_APPLICATION_SPEED=0
MotorControl.MOTOR_MAX_SPEED_RPM=4000
MotorControl.MOTOR_TYPE=PMSM
MotorControl.MOTOR_VOLTAGE_CONSTANT=4.0
MotorControl.MTPA_ENABLING=false
MotorControl.NB_CONSECUTIVE_TESTS=2
MotorControl.NOMINAL_BUS_VOLTAGE_V=24
MotorControl.NOMINAL_CURRENT=871
MotorControl.OBS_MEAS_ERRORS_BEFORE_FAULTS=3
MotorControl.OBS_MINIMUM_SPEED_RPM=1440
MotorControl.OCPA_INVERTINGINPUT=COMPX_InvertingInput_VREF_1_4
MotorControl.OCPA_INVERTINGINPUT_GPIO_PIN=LL_GPIO_PIN_4
MotorControl.OCPA_INVERTINGINPUT_GPIO_PORT=GPIOA
MotorControl.OCPA_INVERTINGINPUT_MODE=INT_MODE
MotorControl.OCPA_NONINVERTINGINPUT=COMP1_NonInvertingInput_PA1
MotorControl.OCPA_NONINVERTINGINPUT_GPIO_PIN=LL_GPIO_PIN_1
MotorControl.OCPA_NONINVERTINGINPUT_GPIO_PORT=GPIOA
MotorControl.OCPA_OUTPUT=COMP_Output_TIM1BKIN2
MotorControl.OCPA_OUTPUTPOL=COMP_OutputPol_NonInverted
MotorControl.OCPA_OUTPUT_GPIO_AF=GPIO_AF_2
MotorControl.OCPA_OUTPUT_GPIO_PIN=LL_GPIO_PIN_0
MotorControl.OCPA_OUTPUT_GPIO_PORT=GPIOA
MotorControl.OCPA_OUTPUT_MODE=INT_MODE
MotorControl.OCPA_SELECTION=COMP1
MotorControl.OCPB_INVERTINGINPUT=COMPX_InvertingInput_VREF_1_4
MotorControl.OCPB_INVERTINGINPUT_GPIO_PIN=LL_GPIO_PIN_4
MotorControl.OCPB_INVERTINGINPUT_GPIO_PORT=GPIOA
MotorControl.OCPB_INVERTINGINPUT_MODE=INT_MODE
MotorControl.OCPB_NONINVERTINGINPUT=COMP2_NonInvertingInput_PA7
MotorControl.OCPB_NONINVERTINGINPUT_GPIO_PIN=LL_GPIO_PIN_7
MotorControl.OCPB_NONINVERTINGINPUT_GPIO_PORT=GPIOA
MotorControl.OCPB_OUTPUT=COMP_Output_TIM1BKIN2
MotorControl.OCPB_OUTPUTPOL=COMP_OutputPol_NonInverted
MotorControl.OCPB_OUTPUT_GPIO_AF=GPIO_AF_2
MotorControl.OCPB_OUTPUT_GPIO_PIN=LL_GPIO_PIN_2
MotorControl.OCPB_OUTPUT_GPIO_PORT=GPIOA
MotorControl.OCPB_OUTPUT_MODE=INT_MODE
MotorControl.OCPB_SELECTION=COMP2
MotorControl.OCPC_INVERTINGINPUT=COMPX_InvertingInput_VREF_1_4
MotorControl.OCPC_INVERTINGINPUT_GPIO_PIN=LL_GPIO_PIN_4
MotorControl.OCPC_INVERTINGINPUT_GPIO_PORT=GPIOA
MotorControl.OCPC_INVERTINGINPUT_MODE=INT_MODE
MotorControl.OCPC_NONINVERTINGINPUT=COMP4_NonInvertingInput_PB0
MotorControl.OCPC_NONINVERTINGINPUT_GPIO_PIN=LL_GPIO_PIN_0
MotorControl.OCPC_NONINVERTINGINPUT_GPIO_PORT=GPIOB
MotorControl.OCPC_OUTPUT=COMP_Output_TIM1BKIN2
MotorControl.OCPC_OUTPUTPOL=COMP_OutputPol_NonInverted
MotorControl.OCPC_OUTPUT_GPIO_AF=GPIO_AF_2
MotorControl.OCPC_OUTPUT_GPIO_PIN=LL_GPIO_PIN_1
MotorControl.OCPC_OUTPUT_GPIO_PORT=GPIOB
MotorControl.OCPC_OUTPUT_MODE=INT_MODE
MotorControl.OCPC_SELECTION=COMP4
MotorControl.OCPREF=5957
MotorControl.OCP_COMP_THRESHOLD=0.50
MotorControl.OCP_FILTER=COMP_Mode_HighSpeed
MotorControl.OCP_INVERTINGINPUT=COMPX_InvertingInput_VREF_1_4
MotorControl.OCP_INVERTINGINPUT_GPIO_PIN=LL_GPIO_PIN_4
MotorControl.OCP_INVERTINGINPUT_GPIO_PORT=GPIOA
MotorControl.OCP_INVERTINGINPUT_MODE=INT_MODE
MotorControl.OCP_NONINVERTINGINPUT=COMP2_NonInvertingInput_PA7
MotorControl.OCP_NONINVERTINGINPUT_GPIO_PIN=LL_GPIO_PIN_7
MotorControl.OCP_NONINVERTINGINPUT_GPIO_PORT=GPIOA
MotorControl.OCP_OUTPUT=COMP_Output_TIM1BKIN2
MotorControl.OCP_OUTPUTPOL=COMP_OutputPol_NonInverted
MotorControl.OCP_OUTPUT_GPIO_AF=GPIO_AF_2
MotorControl.OCP_OUTPUT_GPIO_PIN=LL_GPIO_PIN_2
MotorControl.OCP_OUTPUT_GPIO_PORT=GPIOA
MotorControl.OCP_OUTPUT_MODE=INT_MODE
MotorControl.OCP_SELECTION=COMP2
MotorControl.OFST={0,0,0,0,0,0,0,0}
MotorControl.ON_OVER_VOLTAGE=TURN_OFF_PWM
MotorControl.OPAMP1_INVERTINGINPUT=OPAMP1_InvertingInput_PA3
MotorControl.OPAMP1_INVERTINGINPUT_GPIO_PIN=LL_GPIO_PIN_3
MotorControl.OPAMP1_INVERTINGINPUT_GPIO_PORT=GPIOA
MotorControl.OPAMP1_INVERTINGINPUT_MODE=EXT_MODE
MotorControl.OPAMP1_NONINVERTINGINPUT_PHA=OPAMP1_NonInvertingInput_PA1
MotorControl.OPAMP1_NONINVERTINGINPUT_PHA_GPIO_PIN=LL_GPIO_PIN_1
MotorControl.OPAMP1_NONINVERTINGINPUT_PHA_GPIO_PORT=GPIOA
MotorControl.OPAMP1_NONINVERTINGINPUT_PHB=OPAMP1_NonInvertingInput_PA1
MotorControl.OPAMP1_NONINVERTINGINPUT_PHB_GPIO_PIN=LL_GPIO_PIN_1
MotorControl.OPAMP1_NONINVERTINGINPUT_PHB_GPIO_PORT=GPIOA
MotorControl.OPAMP1_OUT_GPIO_PIN=LL_GPIO_PIN_2
MotorControl.OPAMP1_OUT_GPIO_PORT=GPIOA
MotorControl.OPAMP1_SELECTION=OPAMP1
MotorControl.OPAMP2_INVERTINGINPUT=OPAMP2_InvertingInput_PA5
MotorControl.OPAMP2_INVERTINGINPUT_GPIO_PIN=LL_GPIO_PIN_5
MotorControl.OPAMP2_INVERTINGINPUT_GPIO_PORT=GPIOA
MotorControl.OPAMP2_INVERTINGINPUT_MODE=EXT_MODE
MotorControl.OPAMP2_NONINVERTINGINPUT_PHA=OPAMP2_NonInvertingInput_PA7
MotorControl.OPAMP2_NONINVERTINGINPUT_PHA_GPIO_PIN=LL_GPIO_PIN_7
MotorControl.OPAMP2_NONINVERTINGINPUT_PHA_GPIO_PORT=GPIOA
MotorControl.OPAMP2_NONINVERTINGINPUT_PHB=OPAMP2_NonInvertingInput_PA7
MotorControl.OPAMP2_NONINVERTINGINPUT_PHB_GPIO_PIN=LL_GPIO_PIN_7
MotorControl.OPAMP2_NONINVERTINGINPUT_PHB_GPIO_PORT=GPIOA
MotorControl.OPAMP2_NONINVERTINGINPUT_PHC=OPAMP2_NonInvertingInput_PA7
MotorControl.OPAMP2_NONINVERTINGINPUT_PHC_GPIO_PIN=LL_GPIO_PIN_7
MotorControl.OPAMP2_NONINVERTINGINPUT_PHC_GPIO_PORT=GPIOA
MotorControl.OPAMP2_OUT_GPIO_PIN=LL_GPIO_PIN_6
MotorControl.OPAMP2_OUT_GPIO_PORT=GPIOA
MotorControl.OPAMP2_SELECTION=OPAMP2
MotorControl.OPAMP3_INVERTINGINPUT=OPAMP3_InvertingInput_PB2
MotorControl.OPAMP3_INVERTINGINPUT_GPIO_PIN=LL_GPIO_PIN_2
MotorControl.OPAMP3_INVERTINGINPUT_GPIO_PORT=GPIOB
MotorControl.OPAMP3_INVERTINGINPUT_MODE=EXT_MODE
MotorControl.OPAMP3_NONINVERTINGINPUT_PHA=OPAMP3_NonInvertingInput_PB0
MotorControl.OPAMP3_NONINVERTINGINPUT_PHA_GPIO_PIN=LL_GPIO_PIN_0
MotorControl.OPAMP3_NONINVERTINGINPUT_PHA_GPIO_PORT=GPIOB
MotorControl.OPAMP3_NONINVERTINGINPUT_PHB=OPAMP3_NonInvertingInput_PB0
MotorControl.OPAMP3_NONINVERTINGINPUT_PHB_GPIO_PIN=LL_GPIO_PIN_0
MotorControl.OPAMP3_NONINVERTINGINPUT_PHB_GPIO_PORT=GPIOB
MotorControl.OPAMP3_NONINVERTINGINPUT_PHC=OPAMP3_NonInvertingInput_PB0
MotorControl.OPAMP3_NONINVERTINGINPUT_PHC_GPIO_PIN=LL_GPIO_PIN_0
MotorControl.OPAMP3_NONINVERTINGINPUT_PHC_GPIO_PORT=GPIOB
MotorControl.OPAMP3_OUT_GPIO_PIN=LL_GPIO_PIN_1
MotorControl.OPAMP3_OUT_GPIO_PORT=GPIOB
MotorControl.OPAMP3_SELECTION=OPAMP3
MotorControl.OPAMP_INVERTINGINPUT=OPAMP1_InvertingInput_PA3
MotorControl.OPAMP_INVERTINGINPUT_GPIO_PIN=LL_GPIO_PIN_3
MotorControl.OPAMP_INVERTINGINPUT_GPIO_PORT=GPIOA
MotorControl.OPAMP_INVERTINGINPUT_MODE=EXT_MODE
MotorControl.OPAMP_NONINVERTINGINPUT=OPAMP1_NonInvertingInput_PA7
MotorControl.OPAMP_NONINVERTINGINPUT_GPIO_PIN=LL_GPIO_PIN_7
MotorControl.OPAMP_NONINVERTINGINPUT_GPIO_PORT=GPIOA
MotorControl.OPAMP_OUT_GPIO_PIN=LL_GPIO_PIN_2
MotorControl.OPAMP_OUT_GPIO_PORT=GPIOA
MotorControl.OPAMP_PGACONNECT=OPAMP1_PGAConnect_PA3
MotorControl.OPAMP_PGAGAIN=OPAMP_OPAMP_PGAGain_16
MotorControl.OPAMP_SELECTION=OPAMP1
MotorControl.OPAMP_TYPE_GAIN=INTERNAL
MotorControl.OPEN_LOOP_FOC=false
MotorControl.OPEN_LOOP_K=44
MotorControl.OPEN_LOOP_OFF=4400
MotorControl.OPEN_LOOP_SPEED_RAMP_DURATION_MS=1000
MotorControl.OPEN_LOOP_SPEED_RPM=100
MotorControl.OPEN_LOOP_VF=false
MotorControl.OPEN_LOOP_VOLTAGE_d=6000
MotorControl.OVERCURR_FEEDBACK_POLARITY=EMSTOP_ACTIVE_LOW
MotorControl.OVERCURR_PROTECTION_HW_DISABLING=DOUT_ACTIVE_HIGH
MotorControl.OVPREF=23830
MotorControl.OVP_FILTER=COMP_Mode_HighSpeed
MotorControl.OVP_INVERTINGINPUT=COMPX_InvertingInput_VREF
MotorControl.OVP_INVERTINGINPUT_GPIO_PIN=LL_GPIO_PIN_4
MotorControl.OVP_INVERTINGINPUT_GPIO_PORT=GPIOA
MotorControl.OVP_INVERTINGINPUT_MODE=INT_MODE
MotorControl.OVP_NONINVERTINGINPUT=COMP2_NonInvertingInput_PA7
MotorControl.OVP_NONINVERTINGINPUT_GPIO_PIN=LL_GPIO_PIN_7
MotorControl.OVP_NONINVERTINGINPUT_GPIO_PORT=GPIOA
MotorControl.OVP_OUTPUT=COMP_Output_TIM1BKIN
MotorControl.OVP_OUTPUTPOL=COMP_OutputPol_NonInverted
MotorControl.OVP_OUTPUT_GPIO_AF=GPIO_AF_2
MotorControl.OVP_OUTPUT_GPIO_PIN=LL_GPIO_PIN_2
MotorControl.OVP_OUTPUT_GPIO_PORT=GPIOA
MotorControl.OVP_OUTPUT_MODE=INT_MODE
MotorControl.OVP_SELECTION=COMP2
MotorControl.OV_CURR_BYPASS_GPIO_PIN=LL_GPIO_PIN_5
MotorControl.OV_CURR_BYPASS_GPIO_PORT=GPIOD
MotorControl.OV_TEMPERATURE_HYSTERESIS_C=10
MotorControl.OV_TEMPERATURE_PROT_ENABLING=true
MotorControl.OV_TEMPERATURE_THRESHOLD_C=110
MotorControl.OV_VOLTAGE_PROT_ENABLING=true
MotorControl.OV_VOLTAGE_THRESHOLD_V=28
MotorControl.PHASE1_DURATION=1000
MotorControl.PHASE1_FINAL_CURRENT=871
MotorControl.PHASE1_FINAL_SPEED_RPM=0
MotorControl.PHASE2_DURATION=1600
MotorControl.PHASE2_FINAL_CURRENT=871
MotorControl.PHASE2_FINAL_SPEED_RPM=1600
MotorControl.PHASE3_DURATION=0
MotorControl.PHASE3_FINAL_CURRENT=871
MotorControl.PHASE3_FINAL_SPEED_RPM=1600
MotorControl.PHASE4_DURATION=0
MotorControl.PHASE4_FINAL_CURRENT=871
MotorControl.PHASE4_FINAL_SPEED_RPM=1600
MotorControl.PHASE5_DURATION=0
MotorControl.PHASE5_FINAL_CURRENT=871
MotorControl.PHASE5_FINAL_SPEED_RPM=1600
MotorControl.PHASE_CURRENTS_ADC=ADC1_2
MotorControl.PHASE_CURRENTS_CHANNEL=ADC_CHANNEL_9
MotorControl.PHASE_CURRENTS_GPIO_PIN=LL_GPIO_PIN_0
MotorControl.PHASE_CURRENTS_GPIO_PORT=GPIOA
MotorControl.PHASE_UH_GPIO_AF=GPIO_AF_6
MotorControl.PHASE_UH_GPIO_PIN=LL_GPIO_PIN_8
MotorControl.PHASE_UH_GPIO_PORT=GPIOA
MotorControl.PHASE_UH_POLARITY=H_ACTIVE_HIGH
MotorControl.PHASE_UL_GPIO_AF=GPIO_AF_4
MotorControl.PHASE_UL_GPIO_PIN=LL_GPIO_PIN_13
MotorControl.PHASE_UL_GPIO_PORT=GPIOC
MotorControl.PHASE_UL_POLARITY=L_ACTIVE_HIGH
MotorControl.PHASE_U_CURR_ADC=ADC1
MotorControl.PHASE_U_CURR_CHANNEL=ADC_CHANNEL_3
MotorControl.PHASE_U_GPIO_PIN=LL_GPIO_PIN_2
MotorControl.PHASE_U_GPIO_PORT=GPIOA
MotorControl.PHASE_VH_GPIO_AF=GPIO_AF_6
MotorControl.PHASE_VH_GPIO_PIN=LL_GPIO_PIN_9
MotorControl.PHASE_VH_GPIO_PORT=GPIOA
MotorControl.PHASE_VH_POLARITY=H_ACTIVE_HIGH
MotorControl.PHASE_VL_GPIO_AF=GPIO_AF_2
MotorControl.PHASE_VL_GPIO_PIN=LL_GPIO_PIN_12
MotorControl.PHASE_VL_GPIO_PORT=GPIOA
MotorControl.PHASE_VL_POLARITY=L_ACTIVE_HIGH
MotorControl.PHASE_V_CURR_ADC=ADC2
MotorControl.PHASE_V_CURR_CHANNEL=ADC_CHANNEL_3
MotorControl.PHASE_V_GPIO_PIN=LL_GPIO_PIN_6
MotorControl.PHASE_V_GPIO_PORT=GPIOA
MotorControl.PHASE_WH_GPIO_AF=GPIO_AF_6
MotorControl.PHASE_WH_GPIO_PIN=LL_GPIO_PIN_10
MotorControl.PHASE_WH_GPIO_PORT=GPIOA
MotorControl.PHASE_WH_POLARITY=H_ACTIVE_HIGH
MotorControl.PHASE_WL_GPIO_AF=GPIO_AF_4
MotorControl.PHASE_WL_GPIO_PIN=LL_GPIO_PIN_15
MotorControl.PHASE_WL_GPIO_PORT=GPIOB
MotorControl.PHASE_WL_POLARITY=L_ACTIVE_HIGH
MotorControl.PHASE_W_CURR_ADC=ADC1
MotorControl.PHASE_W_CURR_CHANNEL=ADC_CHANNEL_12
MotorControl.PHASE_W_GPIO_PIN=LL_GPIO_PIN_1
MotorControl.PHASE_W_GPIO_PORT=GPIOB
MotorControl.PID_FLUX_KD_DEFAULT=100
MotorControl.PID_FLUX_KI_DEFAULT=2157
MotorControl.PID_FLUX_KP_DEFAULT=2311
MotorControl.PID_SPEED_KD_DEFAULT=0
MotorControl.PID_SPEED_KI_DEFAULT=141
MotorControl.PID_SPEED_KP_DEFAULT=3145
MotorControl.PID_TORQUE_KD_DEFAULT=100
MotorControl.PID_TORQUE_KI_DEFAULT=2157
MotorControl.PID_TORQUE_KP_DEFAULT=2311
MotorControl.PLL_KI_GAIN=7
MotorControl.PLL_KP_GAIN=213
MotorControl.POLE_PAIR_NUM=2
MotorControl.PWBDID=10015
MotorControl.PWM_FREQUENCY=20000
MotorControl.PWM_TIMER_REMAPPING=PWM_PARTIAL_REMAP
MotorControl.PWM_TIMER_SELECTION=PWM_TIM1
MotorControl.REGCONVADC=ADC1
MotorControl.REGULATION_EXECUTION_RATE=1
MotorControl.RS=0.35
MotorControl.RSHUNT=0.0030
MotorControl.RTOS=NONE
MotorControl.R_BRAKE_GPIO_PIN=LL_GPIO_PIN_5
MotorControl.R_BRAKE_GPIO_PORT=GPIOD
MotorControl.R_BRAKE_SWITCH_OFF_THRES_V=22
MotorControl.SEGDIV=0
MotorControl.SERIAL_COMMUNICATION=true
MotorControl.SERIAL_COM_CHANNEL1=MC_PROTOCOL_REG_I_A
MotorControl.SERIAL_COM_CHANNEL2=MC_PROTOCOL_REG_I_A
MotorControl.SERIAL_COM_MODE=COM_BIDIRECTIONAL
MotorControl.SERIAL_COM_MOTOR=0
MotorControl.SHARED_SIGNAL_ENABLE=false
MotorControl.SINGLEDRIVE=true
MotorControl.SPD_DIFFERENTIAL_TERM_ENABLING=false
MotorControl.SPEED_BAND_LOWER_LIMIT=15
MotorControl.SPEED_BAND_UPPER_LIMIT=17
MotorControl.SPEED_FEEDBACK_CHECK=true
MotorControl.SPEED_LOOP_FREQUENCY_HZ=1000
MotorControl.SPEED_SENSOR_SELECTION=STATE_OBSERVER_PLL
MotorControl.SP_KDDIV=16
MotorControl.SP_KIDIV=16384
MotorControl.SP_KPDIV=1024
MotorControl.STARTING_ANGLE_DEG=0
MotorControl.START_STOP_BTN=true
MotorControl.START_STOP_GPIO_PIN=LL_GPIO_PIN_10
MotorControl.START_STOP_GPIO_PORT=GPIOC
MotorControl.START_STOP_POLARITY=DIN_ACTIVE_LOW
MotorControl.START_STOP_POLARITY_EDGE=GPIO_NOPULL
MotorControl.STATE_OBSERVER_PLL=true
MotorControl.STM32G431CB=true
MotorControl.STO_FIFO_DEPTH_01HZ=64
MotorControl.STO_FIFO_DEPTH_DPP=64
MotorControl.STO_HFI_RPM_TH=460
MotorControl.SW_DEADTIME_NS=800
MotorControl.SW_OV_CURRENT_PROT_ENABLING=true
MotorControl.T0_C=25
MotorControl.TEMPERATURE_READING=true
MotorControl.TEMP_ADC_SAMPLING_TIME=47
MotorControl.TEMP_FDBK_ADC=ADC1
MotorControl.TEMP_FDBK_CHANNEL=ADC_CHANNEL_5
MotorControl.TEMP_FDBK_GPIO_PIN=LL_GPIO_PIN_14
MotorControl.TEMP_FDBK_GPIO_PORT=GPIOB
MotorControl.TFDIFFERENTIAL_TERM_ENABLING=false
MotorControl.TF_KDDIV=8192
MotorControl.TF_KIDIV=4096
MotorControl.TF_KPDIV=128
MotorControl.THREE_SHUNT_INDEPENDENT_RESOURCES=true
MotorControl.TNOISE_NS=1000
MotorControl.TRANSITION_DURATION=25
MotorControl.TRISE_NS=2000
MotorControl.T_MAX=110
MotorControl.UD_VOLTAGE_THRESHOLD_V=8
MotorControl.USART_REMAPPING=NO_REMAP_USART2
MotorControl.USART_RX_GPIO_PIN=LL_GPIO_PIN_4
MotorControl.USART_RX_GPIO_PORT=GPIOB
MotorControl.USART_SELECTION=USE_USART2
MotorControl.USART_SPEED=115200
MotorControl.USART_TX_GPIO_PIN=LL_GPIO_PIN_3
MotorControl.USART_TX_GPIO_PORT=GPIOB
MotorControl.USE_3OPAMPS=true
MotorControl.USE_INTERNAL_OPAMP=true
MotorControl.UV_VOLTAGE_PROT_ENABLING=true
MotorControl.V0_V=1.055
MotorControl.VARIANCE_THRESHOLD=0.1
MotorControl.VBUS_ADC=ADC1
MotorControl.VBUS_ADC_SAMPLING_TIME=47
MotorControl.VBUS_CHANNEL=ADC_CHANNEL_1
MotorControl.VBUS_GPIO_PIN=LL_GPIO_PIN_0
MotorControl.VBUS_GPIO_PORT=GPIOA
MotorControl.VBUS_PARTITIONING_FACTOR=0.0963
MotorControl.WB_to_Mx_template_version=19-04-04
MotorControl.WB_to_Mx_version=1.0.0
MotorControl.dV_dT=0.023
MxCube.Version=5.4.0
MxDb.Version=DB.5.0.40
NVIC.ADC1_2_IRQn=true\:2\:0\:true\:true\:false\:3\:true\:true
NVIC.BusFault_IRQn=true\:0\:0\:false\:false\:false\:true\:false
NVIC.DebugMonitor_IRQn=true\:0\:0\:false\:false\:false\:true\:false
NVIC.EXTI15_10_IRQn=true\:0\:0\:false\:true\:false\:5\:true\:true
NVIC.ForceEnableDMAVector=true
NVIC.HardFault_IRQn=true\:0\:0\:false\:false\:false\:true\:false
NVIC.MemoryManagement_IRQn=true\:0\:0\:false\:false\:false\:true\:false
NVIC.NonMaskableInt_IRQn=true\:0\:0\:false\:false\:false\:true\:true
NVIC.PendSV_IRQn=true\:0\:0\:false\:false\:false\:true\:false
NVIC.PriorityGroup=NVIC_PRIORITYGROUP_3
NVIC.SVCall_IRQn=true\:0\:0\:false\:false\:false\:true\:false
NVIC.SysTick_IRQn=true\:4\:0\:true\:false\:false\:true\:true
NVIC.TIM1_BRK_TIM15_IRQn=true\:4\:1\:true\:true\:false\:1\:true\:true
NVIC.TIM1_UP_TIM16_IRQn=true\:0\:0\:false\:true\:false\:2\:true\:true
NVIC.TIM2_IRQn=true\:3\:0\:true\:true\:false\:6\:true\:true
NVIC.USART2_IRQn=true\:3\:1\:true\:true\:false\:4\:true\:true
NVIC.UsageFault_IRQn=true\:0\:0\:false\:false\:false\:true\:false
OPAMP1.IPParameters=PgaGain,SelfCalibration
OPAMP1.PgaGain=OPAMP_PGA_GAIN_16_OR_MINUS_15
OPAMP1.SelfCalibration=Disable
OPAMP2.IPParameters=PgaGain,SelfCalibration
OPAMP2.PgaGain=OPAMP_PGA_GAIN_16_OR_MINUS_15
OPAMP2.SelfCalibration=Disable
OPAMP3.IPParameters=PgaGain,SelfCalibration
OPAMP3.PgaGain=OPAMP_PGA_GAIN_16_OR_MINUS_15
OPAMP3.SelfCalibration=Disable
PA0.GPIOParameters=GPIO_Label
PA0.GPIO_Label=M1_BUS_VOLTAGE
PA0.Locked=true
PA0.Mode=IN1-Single-Ended
PA0.Signal=ADC1_IN1
PA1.GPIOParameters=GPIO_Label
PA1.GPIO_Label=M1_CURR_SHUNT_U
PA1.Locked=true
PA1.Signal=SharedAnalog_PA1
PA10.GPIOParameters=GPIO_Speed,GPIO_PuPd,GPIO_Label
PA10.GPIO_Label=M1_PWM_WH
PA10.GPIO_PuPd=GPIO_PULLDOWN
PA10.GPIO_Speed=GPIO_SPEED_FREQ_HIGH
PA10.Locked=true
PA10.Signal=S_TIM1_CH3
PA12.GPIOParameters=GPIO_Speed,GPIO_PuPd,GPIO_Label
PA12.GPIO_Label=M1_PWM_VL
PA12.GPIO_PuPd=GPIO_PULLDOWN
PA12.GPIO_Speed=GPIO_SPEED_FREQ_HIGH
PA12.Locked=true
PA12.Mode=PWM Generation2 CH2 CH2N
PA12.Signal=TIM1_CH2N
PA13.GPIOParameters=GPIO_Label
PA13.GPIO_Label=TMS
PA13.Locked=true
PA13.Mode=Serial_Wire
PA13.Signal=SYS_JTMS-SWDIO
PA14.GPIOParameters=GPIO_Label
PA14.GPIO_Label=TCK
PA14.Locked=true
PA14.Mode=Serial_Wire
PA14.Signal=SYS_JTCK-SWCLK
PA15.GPIOParameters=GPIO_PuPd,GPIO_Label
PA15.GPIO_Label=M1_PWM_INPUT
PA15.GPIO_PuPd=GPIO_PULLDOWN
PA15.Locked=true
PA15.Signal=S_TIM2_CH1
PA2.GPIOParameters=GPIO_Label
PA2.GPIO_Label=M1_OPAMP1_OUT
PA2.Locked=true
PA2.Signal=SharedAnalog_PA2
PA3.GPIOParameters=GPIO_Label
PA3.GPIO_Label=M1_OPAMP1_INT_GAIN
PA3.Locked=true
PA3.Mode=PGA Connected-INVERTINGINPUT_IO0_BIAS
PA3.Signal=OPAMP1_VINM
PA4.GPIOParameters=GPIO_Label
PA4.GPIO_Label=DBG_DAC_CH1
PA4.Locked=true
PA4.Signal=COMP_DAC11_group
PA5.GPIOParameters=GPIO_Label
PA5.GPIO_Label=M1_OPAMP2_INT_GAIN
PA5.Locked=true
PA5.Mode=PGA Connected-INVERTINGINPUT_IO0_BIAS
PA5.Signal=OPAMP2_VINM
PA6.GPIOParameters=GPIO_Label
PA6.GPIO_Label=M1_OPAMP2_OUT
PA6.Locked=true
PA6.Signal=SharedAnalog_PA6
PA7.GPIOParameters=GPIO_Label
PA7.GPIO_Label=M1_CURR_SHUNT_V
PA7.Locked=true
PA7.Signal=SharedAnalog_PA7
PA8.GPIOParameters=GPIO_Speed,GPIO_PuPd,GPIO_Label
PA8.GPIO_Label=M1_PWM_UH
PA8.GPIO_PuPd=GPIO_PULLDOWN
PA8.GPIO_Speed=GPIO_SPEED_FREQ_HIGH
PA8.Locked=true
PA8.Signal=S_TIM1_CH1
PA9.GPIOParameters=GPIO_Speed,GPIO_PuPd,GPIO_Label
PA9.GPIO_Label=M1_PWM_VH
PA9.GPIO_PuPd=GPIO_PULLDOWN
PA9.GPIO_Speed=GPIO_SPEED_FREQ_HIGH
PA9.Locked=true
PA9.Signal=S_TIM1_CH2
PB0.GPIOParameters=GPIO_Label
PB0.GPIO_Label=M1_CURR_SHUNT_W
PB0.Locked=true
PB0.Signal=SharedAnalog_PB0
PB1.GPIOParameters=GPIO_Label
PB1.GPIO_Label=M1_OPAMP3_OUT
PB1.Locked=true
PB1.Signal=SharedAnalog_PB1
PB14.GPIOParameters=GPIO_Label
PB14.GPIO_Label=M1_TEMPERATURE
PB14.Locked=true
PB14.Mode=IN5-Single-Ended
PB14.Signal=ADC1_IN5
PB15.GPIOParameters=GPIO_Speed,GPIO_PuPd,GPIO_Label
PB15.GPIO_Label=M1_PWM_WL
PB15.GPIO_PuPd=GPIO_PULLDOWN
PB15.GPIO_Speed=GPIO_SPEED_FREQ_HIGH
PB15.Locked=true
PB15.Mode=PWM Generation3 CH3 CH3N
PB15.Signal=TIM1_CH3N
PB2.GPIOParameters=GPIO_Label
PB2.GPIO_Label=M1_OPAMP3_INT_GAIN
PB2.Locked=true
PB2.Mode=PGA Connected-INVERTINGINPUT_IO0_BIAS
PB2.Signal=OPAMP3_VINM
PB3.GPIOParameters=GPIO_Speed,GPIO_PuPd,GPIO_Label,GPIO_Mode
PB3.GPIO_Label=UART_TX
PB3.GPIO_Mode=GPIO_MODE_AF_PP
PB3.GPIO_PuPd=GPIO_NOPULL
PB3.GPIO_Speed=GPIO_SPEED_FREQ_LOW
PB3.Locked=true
PB3.Mode=Asynchronous
PB3.Signal=USART2_TX
PB4.GPIOParameters=GPIO_Speed,GPIO_PuPd,GPIO_Label,GPIO_Mode
PB4.GPIO_Label=UART_RX
PB4.GPIO_Mode=GPIO_MODE_AF_PP
PB4.GPIO_PuPd=GPIO_NOPULL
PB4.GPIO_Speed=GPIO_SPEED_FREQ_LOW
PB4.Locked=true
PB4.Mode=Asynchronous
PB4.Signal=USART2_RX
PC10.GPIOParameters=GPIO_PuPd,GPIO_Label,GPIO_ModeDefaultEXTI
PC10.GPIO_Label=Start/Stop [PushButton]
PC10.GPIO_ModeDefaultEXTI=GPIO_MODE_IT_FALLING
PC10.GPIO_PuPd=GPIO_NOPULL
PC10.Locked=true
PC10.Signal=GPXTI10
PC13.GPIOParameters=GPIO_Speed,GPIO_PuPd,GPIO_Label
PC13.GPIO_Label=M1_PWM_UL
PC13.GPIO_PuPd=GPIO_PULLDOWN
PC13.GPIO_Speed=GPIO_SPEED_FREQ_HIGH
PC13.Locked=true
PC13.Mode=PWM Generation1 CH1 CH1N
PC13.Signal=TIM1_CH1N
PC6.GPIOParameters=GPIO_Label
PC6.GPIO_Label=LED_RED
PC6.Locked=true
PC6.Signal=GPIO_Output
PCC.Checker=true
PCC.Line=STM32G4x1
PCC.MCU=STM32G431C(6-8-B)Ux
PCC.PartNumber=STM32G431CBUx
PCC.Seq0=0
PCC.Series=STM32G4
PCC.Temperature=25
PCC.Vdd=3.6
PF0-OSC_IN.Locked=true
PF0-OSC_IN.Mode=HSE-External-Oscillator
PF0-OSC_IN.Signal=RCC_OSC_IN
PF1-OSC_OUT.Locked=true
PF1-OSC_OUT.Mode=HSE-External-Oscillator
PF1-OSC_OUT.Signal=RCC_OSC_OUT
PinOutPanel.RotationAngle=0
ProjectManager.AskForMigrate=true
ProjectManager.BackupPrevious=false
ProjectManager.CompilerOptimize=5
ProjectManager.ComputerToolchain=false
ProjectManager.CoupleFile=false
ProjectManager.CustomerFirmwarePackage=
ProjectManager.DefaultFWLocation=true
ProjectManager.DeletePrevious=true
ProjectManager.DeviceId=STM32G431CBUx
ProjectManager.FirmwarePackage=STM32Cube FW_G4 V1.1.0
ProjectManager.FreePins=false
ProjectManager.HalAssertFull=false
ProjectManager.HeapSize=0x200
ProjectManager.KeepUserCode=true
ProjectManager.LastFirmware=true
ProjectManager.LibraryCopy=0
ProjectManager.MainLocation=Src
ProjectManager.NoMain=false
ProjectManager.PreviousToolchain=
ProjectManager.ProjectBuild=false
ProjectManager.ProjectFileName=ElectronicSpeedControl.ioc
ProjectManager.ProjectName=ElectronicSpeedControl
ProjectManager.StackSize=0x400
ProjectManager.TargetToolchain=EWARM V7
ProjectManager.ToolChainLocation=
ProjectManager.UnderRoot=false
ProjectManager.functionlistsort=
RCC.ADC12CLockSelection=RCC_ADC12CLKSOURCE_PLL
RCC.ADC12Freq_Value=68000000
RCC.AHBFreq_Value=170000000
RCC.APB1Freq_Value=170000000
RCC.APB1TimFreq_Value=170000000
RCC.APB2Freq_Value=170000000
RCC.APB2TimFreq_Value=170000000
RCC.CRSFreq_Value=48000000
RCC.CortexFreq_Value=170000000
RCC.EXTERNAL_CLOCK_VALUE=12288000
RCC.EnbaleCSS=true
RCC.FCLKCortexFreq_Value=170000000
RCC.FDCANFreq_Value=170000000
RCC.FamilyName=M
RCC.HCLKFreq_Value=170000000
RCC.HSE_VALUE=8000000
RCC.HSI48_VALUE=48000000
RCC.HSI_VALUE=16000000
RCC.I2C1Freq_Value=170000000
RCC.I2C2Freq_Value=170000000
RCC.I2C3Freq_Value=170000000
RCC.I2SFreq_Value=170000000
RCC.IPParameters=ADC12CLockSelection,ADC12Freq_Value,AHBFreq_Value,APB1Freq_Value,APB1TimFreq_Value,APB2Freq_Value,APB2TimFreq_Value,CRSFreq_Value,CortexFreq_Value,EXTERNAL_CLOCK_VALUE,EnbaleCSS,FCLKCortexFreq_Value,FDCANFreq_Value,FamilyName,HCLKFreq_Value,HSE_VALUE,HSI48_VALUE,HSI_VALUE,I2C1Freq_Value,I2C2Freq_Value,I2C3Freq_Value,I2SFreq_Value,LPTIM1Freq_Value,LPUART1Freq_Value,LSCOPinFreq_Value,LSE_VALUE,LSI_VALUE,MCO1PinFreq_Value,PLLM,PLLN,PLLP,PLLPoutputFreq_Value,PLLQoutputFreq_Value,PLLRCLKFreq_Value,PLLSourceVirtual,PWRFreq_Value,RNGFreq_Value,SAI1Freq_Value,SYSCLKFreq_VALUE,SYSCLKSource,UART4Freq_Value,USART1Freq_Value,USART2Freq_Value,USART3Freq_Value,USBFreq_Value,VCOInputFreq_Value,VCOOutputFreq_Value
RCC.LPTIM1Freq_Value=170000000
RCC.LPUART1Freq_Value=170000000
RCC.LSCOPinFreq_Value=32000
RCC.LSE_VALUE=32768
RCC.LSI_VALUE=32000
RCC.MCO1PinFreq_Value=16000000
RCC.PLLM=RCC_PLLM_DIV2
RCC.PLLN=85
RCC.PLLP=RCC_PLLP_DIV5
RCC.PLLPoutputFreq_Value=68000000
RCC.PLLQoutputFreq_Value=170000000
RCC.PLLRCLKFreq_Value=170000000
RCC.PLLSourceVirtual=RCC_PLLSOURCE_HSE
RCC.PWRFreq_Value=170000000
RCC.RNGFreq_Value=170000000
RCC.SAI1Freq_Value=170000000
RCC.SYSCLKFreq_VALUE=170000000
RCC.SYSCLKSource=RCC_SYSCLKSOURCE_PLLCLK
RCC.UART4Freq_Value=170000000
RCC.USART1Freq_Value=170000000
RCC.USART2Freq_Value=170000000
RCC.USART3Freq_Value=170000000
RCC.USBFreq_Value=170000000
RCC.VCOInputFreq_Value=4000000
RCC.VCOOutputFreq_Value=340000000
SH.COMP_DAC11_group.0=DAC1_OUT1,DAC_OUT1
SH.COMP_DAC11_group.ConfNb=1
SH.GPXTI10.0=GPIO_EXTI10
SH.GPXTI10.ConfNb=1
SH.S_TIM1_CH1.0=TIM1_CH1,PWM Generation1 CH1 CH1N
SH.S_TIM1_CH1.ConfNb=1
SH.S_TIM1_CH2.0=TIM1_CH2,PWM Generation2 CH2 CH2N
SH.S_TIM1_CH2.ConfNb=1
SH.S_TIM1_CH3.0=TIM1_CH3,PWM Generation3 CH3 CH3N
SH.S_TIM1_CH3.ConfNb=1
SH.S_TIM2_CH1.0=TIM2_CH1,TriggerSource_TI1FP1
SH.S_TIM2_CH1.1=TIM2_CH1,Input_Capture1_from_TI1
SH.S_TIM2_CH1.2=TIM2_CH1,Input_Capture2_from_TI1
SH.S_TIM2_CH1.ConfNb=3
SH.SharedAnalog_PA1.0=COMP1_INP,INP
SH.SharedAnalog_PA1.1=OPAMP1_VINP,PGA Connected-INVERTINGINPUT_IO0_BIAS
SH.SharedAnalog_PA1.ConfNb=2
SH.SharedAnalog_PA2.0=OPAMP1_VOUT,PGA Connected-INVERTINGINPUT_IO0_BIAS
SH.SharedAnalog_PA2.1=ADC1_IN3,IN3-Single-Ended
SH.SharedAnalog_PA2.ConfNb=2
SH.SharedAnalog_PA6.0=OPAMP2_VOUT,PGA Connected-INVERTINGINPUT_IO0_BIAS
SH.SharedAnalog_PA6.1=ADC2_IN3,IN3-Single-Ended
SH.SharedAnalog_PA6.ConfNb=2
SH.SharedAnalog_PA7.0=COMP2_INP,INP
SH.SharedAnalog_PA7.1=OPAMP2_VINP,PGA Connected-INVERTINGINPUT_IO0_BIAS
SH.SharedAnalog_PA7.ConfNb=2
SH.SharedAnalog_PB0.0=COMP4_INP,INP
SH.SharedAnalog_PB0.1=OPAMP3_VINP,PGA Connected-INVERTINGINPUT_IO0_BIAS
SH.SharedAnalog_PB0.ConfNb=2
SH.SharedAnalog_PB1.0=OPAMP3_VOUT,PGA Connected-INVERTINGINPUT_IO0_BIAS
SH.SharedAnalog_PB1.1=ADC1_IN12,IN12-Single-Ended
SH.SharedAnalog_PB1.ConfNb=2
TIM1.AutoReloadPreload=TIM_AUTORELOAD_PRELOAD_DISABLE
TIM1.AutomaticOutput=TIM_AUTOMATICOUTPUT_DISABLE
TIM1.Break2Filter=3
TIM1.Break2Polarity=TIM_BREAK2POLARITY_HIGH
TIM1.Break2State=TIM_BREAK2_ENABLE
TIM1.BreakFilter=0
TIM1.BreakPolarity=TIM_BREAKPOLARITY_HIGH
TIM1.BreakState=TIM_BREAK_DISABLE
TIM1.Channel=TIM_CHANNEL_4
TIM1.Channel-PWM\ Generation1\ CH1\ CH1N=TIM_CHANNEL_1
TIM1.Channel-PWM\ Generation2\ CH2\ CH2N=TIM_CHANNEL_2
TIM1.Channel-PWM\ Generation3\ CH3\ CH3N=TIM_CHANNEL_3
TIM1.Channel-PWM\ Generation4\ No\ Output=TIM_CHANNEL_4
TIM1.ClearInputSource=TIM_CLEARINPUTSOURCE_NONE
TIM1.ClockDivision=TIM_CLOCKDIVISION_DIV2
TIM1.CounterMode=TIM_COUNTERMODE_CENTERALIGNED1
TIM1.DeadTime=((DEAD_TIME_COUNTS) / 2)
TIM1.IPParameters=AutoReloadPreload,AutomaticOutput,BreakFilter,BreakState,BreakPolarity,Break2Filter,Break2State,Break2Polarity,SourceBRK2DigInput,OffStateRunMode,LockLevel,ClearInputSource,ClockDivision,OCFastMode_PWM,OCIdleState_1,OCIdleState_2,OCIdleState_3,OCIdleState_4,OCIdleState_5,OCIdleState_6,OCPolarity_1,OCPolarity_2,OCPolarity_3,OCPolarity_4,OCPolarity_5,OCPolarity_6,OffStateIDLEMode,TIM_MasterSlaveMode,TIM_SlaveMode,SourceBRK2COMP1,SourceBRK2COMP1Polarity,SourceBRK2COMP2,SourceBRK2COMP2Polarity,SourceBRK2COMP4,SourceBRK2COMP4Polarity,OCNPolarity_1,OCNPolarity_2,OCNPolarity_3,OCNIdleState_1,OCNIdleState_2,OCNIdleState_3,Channel-PWM Generation1 CH1 CH1N,Channel-PWM Generation2 CH2 CH2N,Channel-PWM Generation3 CH3 CH3N,Channel-PWM Generation4 No Output,OCMode_PWM-PWM Generation1 CH1 CH1N,OCMode_PWM-PWM Generation2 CH2 CH2N,OCMode_PWM-PWM Generation3 CH3 CH3N,OCMode_PWM-PWM Generation4 No Output,Channel,CounterMode,TIM_MasterOutputTrigger,TIM_MasterOutputTrigger2,DeadTime,Period,Prescaler,Pulse-PWM Generation1 CH1,Pulse-PWM Generation2 CH2,Pulse-PWM Generation3 CH3,Pulse-PWM Generation4 No Output,Pulse-PWM Generation5 No Output,Pulse-PWM Generation6 No Output,RepetitionCounter
TIM1.IPParametersWithoutCheck=Pulse-PWM Generation4 No Output,DeadTime,RepetitionCounter,Pulse-PWM Generation1 CH1,Pulse-PWM Generation2 CH2,Pulse-PWM Generation3 CH3,Prescaler,Pulse-PWM Generation6 No Output,Period,Pulse-PWM Generation5 No Output
TIM1.LockLevel=TIM_LOCKLEVEL_1
TIM1.OCFastMode_PWM=TIM_OCFAST_DISABLE
TIM1.OCIdleState_1=TIM_OCIDLESTATE_RESET
TIM1.OCIdleState_2=TIM_OCIDLESTATE_RESET
TIM1.OCIdleState_3=TIM_OCIDLESTATE_RESET
TIM1.OCIdleState_4=TIM_OCIDLESTATE_RESET
TIM1.OCIdleState_5=TIM_OCIDLESTATE_RESET
TIM1.OCIdleState_6=TIM_OCIDLESTATE_RESET
TIM1.OCMode_PWM-PWM\ Generation1\ CH1\ CH1N=TIM_OCMODE_PWM1
TIM1.OCMode_PWM-PWM\ Generation2\ CH2\ CH2N=TIM_OCMODE_PWM1
TIM1.OCMode_PWM-PWM\ Generation3\ CH3\ CH3N=TIM_OCMODE_PWM1
TIM1.OCMode_PWM-PWM\ Generation4\ No\ Output=TIM_OCMODE_PWM2
TIM1.OCNIdleState_1=TIM_OCNIDLESTATE_RESET
TIM1.OCNIdleState_2=TIM_OCNIDLESTATE_RESET
TIM1.OCNIdleState_3=TIM_OCNIDLESTATE_RESET
TIM1.OCNPolarity_1=TIM_OCNPOLARITY_HIGH
TIM1.OCNPolarity_2=TIM_OCNPOLARITY_HIGH
TIM1.OCNPolarity_3=TIM_OCNPOLARITY_HIGH
TIM1.OCPolarity_1=TIM_OCPOLARITY_HIGH
TIM1.OCPolarity_2=TIM_OCPOLARITY_HIGH
TIM1.OCPolarity_3=TIM_OCPOLARITY_HIGH
TIM1.OCPolarity_4=TIM_OCPOLARITY_HIGH
TIM1.OCPolarity_5=TIM_OCPOLARITY_HIGH
TIM1.OCPolarity_6=TIM_OCPOLARITY_HIGH
TIM1.OffStateIDLEMode=TIM_OSSI_ENABLE
TIM1.OffStateRunMode=TIM_OSSR_ENABLE
TIM1.Period=((PWM_PERIOD_CYCLES) / 2)
TIM1.Prescaler=((TIM_CLOCK_DIVIDER) - 1)
TIM1.Pulse-PWM\ Generation1\ CH1=((PWM_PERIOD_CYCLES) / 4)
TIM1.Pulse-PWM\ Generation2\ CH2=((PWM_PERIOD_CYCLES) / 4)
TIM1.Pulse-PWM\ Generation3\ CH3=((PWM_PERIOD_CYCLES) / 4)
TIM1.Pulse-PWM\ Generation4\ No\ Output=(((PWM_PERIOD_CYCLES) / 2) - (HTMIN))
TIM1.Pulse-PWM\ Generation5\ No\ Output=(((PWM_PERIOD_CYCLES) / 2) + 1)
TIM1.Pulse-PWM\ Generation6\ No\ Output=(((PWM_PERIOD_CYCLES) / 2) + 1)
TIM1.RepetitionCounter=(REP_COUNTER)
TIM1.SourceBRK2COMP1=TIM_BREAKINPUTSOURCE_ENABLE
TIM1.SourceBRK2COMP1Polarity=TIM_BREAKINPUTSOURCE_POLARITY_HIGH
TIM1.SourceBRK2COMP2=TIM_BREAKINPUTSOURCE_ENABLE
TIM1.SourceBRK2COMP2Polarity=TIM_BREAKINPUTSOURCE_POLARITY_HIGH
TIM1.SourceBRK2COMP4=TIM_BREAKINPUTSOURCE_ENABLE
TIM1.SourceBRK2COMP4Polarity=TIM_BREAKINPUTSOURCE_POLARITY_HIGH
TIM1.SourceBRK2DigInput=TIM_BREAKINPUTSOURCE_DISABLE
TIM1.TIM_MasterOutputTrigger=TIM_TRGO_OC4REF
TIM1.TIM_MasterOutputTrigger2=TIM_TRGO2_RESET
TIM1.TIM_MasterSlaveMode=TIM_MASTERSLAVEMODE_DISABLE
TIM1.TIM_SlaveMode=TIM_SLAVEMODE_TRIGGER
TIM2.Channel-Input_Capture1_from_TI1=TIM_CHANNEL_1
TIM2.Channel-Input_Capture2_from_TI1=TIM_CHANNEL_2
TIM2.ICPolarity_CH2=TIM_INPUTCHANNELPOLARITY_FALLING
TIM2.IPParameters=Channel-Input_Capture1_from_TI1,Channel-Input_Capture2_from_TI1,PeriodNoDither,ICPolarity_CH2
TIM2.PeriodNoDither=0xFFFFFFFF
USART2.BaudRate=115200
USART2.IPParameters=BaudRate,WordLength,VirtualMode-Asynchronous
USART2.VirtualMode-Asynchronous=VM_ASYNC
USART2.WordLength=WORDLENGTH_8B
VP_ADC2_OPAMP_INTERNAL3.Mode=IN-OPAMP3
VP_ADC2_OPAMP_INTERNAL3.Signal=ADC2_OPAMP_INTERNAL3
VP_COMP1_VS_VREFINT14.Mode=VREFINT_14
VP_COMP1_VS_VREFINT14.Signal=COMP1_VS_VREFINT14
VP_COMP2_VS_VREFINT14.Mode=VREFINT_14
VP_COMP2_VS_VREFINT14.Signal=COMP2_VS_VREFINT14
VP_COMP4_VS_VREFINT14.Mode=VREFINT_14
VP_COMP4_VS_VREFINT14.Signal=COMP4_VS_VREFINT14
VP_CORDIC_VS_CORDIC.Mode=CORDIC_Activate
VP_CORDIC_VS_CORDIC.Signal=CORDIC_VS_CORDIC
VP_MotorControl_MC_ENABLED.Mode=Enabled
VP_MotorControl_MC_ENABLED.Signal=MotorControl_MC_ENABLED
VP_SYS_VS_DBSignals.Mode=DisableDeadBatterySignals
VP_SYS_VS_DBSignals.Signal=SYS_VS_DBSignals
VP_SYS_VS_Systick.Mode=SysTick
VP_SYS_VS_Systick.Signal=SYS_VS_Systick
VP_TIM1_VS_ClockSourceITR.Mode=TriggerSource_ITR1
VP_TIM1_VS_ClockSourceITR.Signal=TIM1_VS_ClockSourceITR
VP_TIM1_VS_ControllerModeTrigger.Mode=Trigger Mode
VP_TIM1_VS_ControllerModeTrigger.Signal=TIM1_VS_ControllerModeTrigger
VP_TIM1_VS_no_output4.Mode=PWM Generation4 No Output
VP_TIM1_VS_no_output4.Signal=TIM1_VS_no_output4
VP_TIM2_VS_ControllerModeReset.Mode=Reset Mode
VP_TIM2_VS_ControllerModeReset.Signal=TIM2_VS_ControllerModeReset
board=custom
