# This file is automatically @generated by Cargo.
# It is not intended for manual editing.
[[package]]
name = "aho-corasick"
version = "0.7.10"
source = "registry+https://github.com/rust-lang/crates.io-index"
checksum = "8716408b8bc624ed7f65d223ddb9ac2d044c0547b6fa4b0d554f3a9540496ada"
dependencies = [
 "memchr",
]

[[package]]
name = "arrayvec"
version = "0.4.12"
source = "registry+https://github.com/rust-lang/crates.io-index"
checksum = "cd9fd44efafa8690358b7408d253adf110036b88f55672a933f01d616ad9b1b9"
dependencies = [
 "nodrop",
]

[[package]]
name = "atty"
version = "0.2.14"
source = "registry+https://github.com/rust-lang/crates.io-index"
checksum = "d9b39be18770d11421cdb1b9947a45dd3f37e93092cbf377614828a319d5fee8"
dependencies = [
 "hermit-abi",
 "libc",
 "winapi",
]

[[package]]
name = "autocfg"
version = "1.0.0"
source = "registry+https://github.com/rust-lang/crates.io-index"
checksum = "f8aac770f1885fd7e387acedd76065302551364496e46b3dd00860b2f8359b9d"

[[package]]
name = "bitflags"
version = "1.2.1"
source = "registry+https://github.com/rust-lang/crates.io-index"
checksum = "cf1de2fe8c75bc145a2f577add951f8134889b4795d47466a54a5c846d691693"

[[package]]
name = "cfg-if"
version = "0.1.9"
source = "registry+https://github.com/rust-lang/crates.io-index"
checksum = "b486ce3ccf7ffd79fdeb678eac06a9e6c09fc88d33836340becb8fffe87c5e33"

[[package]]
name = "clap"
version = "3.0.0-beta.1"
source = "git+https://github.com/clap-rs/clap/?rev=99b1b768c25c1f317174e0b42e6740884c620f44#99b1b768c25c1f317174e0b42e6740884c620f44"
dependencies = [
 "atty",
 "bitflags",
 "clap_derive",
 "indexmap",
 "lazy_static",
 "os_str_bytes",
 "strsim",
 "termcolor",
 "textwrap",
 "unicode-width",
 "vec_map",
]

[[package]]
name = "clap_derive"
version = "3.0.0-beta.1"
source = "git+https://github.com/clap-rs/clap/?rev=99b1b768c25c1f317174e0b42e6740884c620f44#99b1b768c25c1f317174e0b42e6740884c620f44"
dependencies = [
 "heck",
 "proc-macro-error",
 "proc-macro2",
 "quote",
 "syn",
]

[[package]]
name = "env_logger"
version = "0.7.1"
source = "registry+https://github.com/rust-lang/crates.io-index"
checksum = "44533bbbb3bb3c1fa17d9f2e4e38bbbaf8396ba82193c4cb1b6445d711445d36"
dependencies = [
 "atty",
 "humantime",
 "log",
 "regex",
 "termcolor",
]

[[package]]
name = "heck"
version = "0.3.1"
source = "registry+https://github.com/rust-lang/crates.io-index"
checksum = "20564e78d53d2bb135c343b3f47714a56af2061f1c928fdb541dc7b9fdd94205"
dependencies = [
 "unicode-segmentation",
]

[[package]]
name = "hermit-abi"
version = "0.1.11"
source = "registry+https://github.com/rust-lang/crates.io-index"
checksum = "8a0d737e0f947a1864e93d33fdef4af8445a00d1ed8dc0c8ddb73139ea6abf15"
dependencies = [
 "libc",
]

[[package]]
name = "humantime"
version = "1.3.0"
source = "registry+https://github.com/rust-lang/crates.io-index"
checksum = "df004cfca50ef23c36850aaaa59ad52cc70d0e90243c3c7737a4dd32dc7a3c4f"
dependencies = [
 "quick-error",
]

[[package]]
name = "indexmap"
version = "1.3.2"
source = "registry+https://github.com/rust-lang/crates.io-index"
checksum = "076f042c5b7b98f31d205f1249267e12a6518c1481e9dae9764af19b707d2292"
dependencies = [
 "autocfg",
]

[[package]]
name = "ioctl-rs"
version = "0.1.6"
source = "registry+https://github.com/rust-lang/crates.io-index"
checksum = "f7970510895cee30b3e9128319f2cefd4bde883a39f38baa279567ba3a7eb97d"
dependencies = [
 "libc",
]

[[package]]
name = "lazy_static"
version = "1.4.0"
source = "registry+https://github.com/rust-lang/crates.io-index"
checksum = "e2abad23fbc42b3700f2f279844dc832adb2b2eb069b2df918f455c4e18cc646"

[[package]]
name = "lexical-core"
version = "0.6.7"
source = "registry+https://github.com/rust-lang/crates.io-index"
checksum = "f86d66d380c9c5a685aaac7a11818bdfa1f733198dfd9ec09c70b762cd12ad6f"
dependencies = [
 "arrayvec",
 "bitflags",
 "cfg-if",
 "rustc_version",
 "ryu",
 "static_assertions",
]

[[package]]
name = "libc"
version = "0.2.69"
source = "registry+https://github.com/rust-lang/crates.io-index"
checksum = "99e85c08494b21a9054e7fe1374a732aeadaff3980b6990b94bfd3a70f690005"

[[package]]
name = "log"
version = "0.4.8"
source = "registry+https://github.com/rust-lang/crates.io-index"
checksum = "14b6052be84e6b71ab17edffc2eeabf5c2c3ae1fdb464aae35ac50c67a44e1f7"
dependencies = [
 "cfg-if",
]

[[package]]
name = "memchr"
version = "2.3.3"
source = "registry+https://github.com/rust-lang/crates.io-index"
checksum = "3728d817d99e5ac407411fa471ff9800a778d88a24685968b36824eaf4bee400"

[[package]]
name = "nodrop"
version = "0.1.14"
source = "registry+https://github.com/rust-lang/crates.io-index"
checksum = "72ef4a56884ca558e5ddb05a1d1e7e1bfd9a68d9ed024c21704cc98872dae1bb"

[[package]]
name = "nom"
version = "5.1.1"
source = "registry+https://github.com/rust-lang/crates.io-index"
checksum = "0b471253da97532da4b61552249c521e01e736071f71c1a4f7ebbfbf0a06aad6"
dependencies = [
 "lexical-core",
 "memchr",
 "version_check",
]

[[package]]
name = "os_str_bytes"
version = "2.1.0"
source = "registry+https://github.com/rust-lang/crates.io-index"
checksum = "24c979d3cc222150ef268718f409e4804951f5677ea1e9dc39e1733ad85d9501"

[[package]]
name = "proc-macro-error"
version = "0.4.12"
source = "registry+https://github.com/rust-lang/crates.io-index"
checksum = "18f33027081eba0a6d8aba6d1b1c3a3be58cbb12106341c2d5759fcd9b5277e7"
dependencies = [
 "proc-macro-error-attr",
 "proc-macro2",
 "quote",
 "syn",
 "version_check",
]

[[package]]
name = "proc-macro-error-attr"
version = "0.4.12"
source = "registry+https://github.com/rust-lang/crates.io-index"
checksum = "8a5b4b77fdb63c1eca72173d68d24501c54ab1269409f6b672c85deb18af69de"
dependencies = [
 "proc-macro2",
 "quote",
 "syn",
 "syn-mid",
 "version_check",
]

[[package]]
name = "proc-macro2"
version = "1.0.10"
source = "registry+https://github.com/rust-lang/crates.io-index"
checksum = "df246d292ff63439fea9bc8c0a270bed0e390d5ebd4db4ba15aba81111b5abe3"
dependencies = [
 "unicode-xid",
]

[[package]]
name = "quick-error"
version = "1.2.3"
source = "registry+https://github.com/rust-lang/crates.io-index"
checksum = "a1d01941d82fa2ab50be1e79e6714289dd7cde78eba4c074bc5a4374f650dfe0"

[[package]]
name = "quote"
version = "1.0.3"
source = "registry+https://github.com/rust-lang/crates.io-index"
checksum = "2bdc6c187c65bca4260c9011c9e3132efe4909da44726bad24cf7572ae338d7f"
dependencies = [
 "proc-macro2",
]

[[package]]
name = "regex"
version = "1.3.7"
source = "registry+https://github.com/rust-lang/crates.io-index"
checksum = "a6020f034922e3194c711b82a627453881bc4682166cabb07134a10c26ba7692"
dependencies = [
 "aho-corasick",
 "memchr",
 "regex-syntax",
 "thread_local",
]

[[package]]
name = "regex-syntax"
version = "0.6.17"
source = "registry+https://github.com/rust-lang/crates.io-index"
checksum = "7fe5bd57d1d7414c6b5ed48563a2c855d995ff777729dcd91c369ec7fea395ae"

[[package]]
name = "rustc_version"
version = "0.2.3"
source = "registry+https://github.com/rust-lang/crates.io-index"
checksum = "138e3e0acb6c9fb258b19b67cb8abd63c00679d2851805ea151465464fe9030a"
dependencies = [
 "semver",
]

[[package]]
name = "ryu"
version = "1.0.3"
source = "registry+https://github.com/rust-lang/crates.io-index"
checksum = "535622e6be132bccd223f4bb2b8ac8d53cda3c7a6394944d3b2b33fb974f9d76"

[[package]]
name = "semver"
version = "0.9.0"
source = "registry+https://github.com/rust-lang/crates.io-index"
checksum = "1d7eb9ef2c18661902cc47e535f9bc51b78acd254da71d375c2f6720d9a40403"
dependencies = [
 "semver-parser",
]

[[package]]
name = "semver-parser"
version = "0.7.0"
source = "registry+https://github.com/rust-lang/crates.io-index"
checksum = "388a1df253eca08550bef6c72392cfe7c30914bf41df5269b68cbd6ff8f570a3"

[[package]]
name = "serial"
version = "0.4.0"
source = "registry+https://github.com/rust-lang/crates.io-index"
checksum = "a1237a96570fc377c13baa1b88c7589ab66edced652e43ffb17088f003db3e86"
dependencies = [
 "serial-core",
 "serial-unix",
 "serial-windows",
]

[[package]]
name = "serial-core"
version = "0.4.0"
source = "registry+https://github.com/rust-lang/crates.io-index"
checksum = "3f46209b345401737ae2125fe5b19a77acce90cd53e1658cda928e4fe9a64581"
dependencies = [
 "libc",
]

[[package]]
name = "serial-unix"
version = "0.4.0"
source = "registry+https://github.com/rust-lang/crates.io-index"
checksum = "f03fbca4c9d866e24a459cbca71283f545a37f8e3e002ad8c70593871453cab7"
dependencies = [
 "ioctl-rs",
 "libc",
 "serial-core",
 "termios",
]

[[package]]
name = "serial-windows"
version = "0.4.0"
source = "registry+https://github.com/rust-lang/crates.io-index"
checksum = "15c6d3b776267a75d31bbdfd5d36c0ca051251caafc285827052bc53bcdc8162"
dependencies = [
 "libc",
 "serial-core",
]

[[package]]
name = "static_assertions"
version = "0.3.4"
source = "registry+https://github.com/rust-lang/crates.io-index"
checksum = "7f3eb36b47e512f8f1c9e3d10c2c1965bc992bd9cdb024fa581e2194501c83d3"

[[package]]
name = "strsim"
version = "0.10.0"
source = "registry+https://github.com/rust-lang/crates.io-index"
checksum = "73473c0e59e6d5812c5dfe2a064a6444949f089e20eec9a2e5506596494e4623"

[[package]]
name = "syn"
version = "1.0.17"
source = "registry+https://github.com/rust-lang/crates.io-index"
checksum = "0df0eb663f387145cab623dea85b09c2c5b4b0aef44e945d928e682fce71bb03"
dependencies = [
 "proc-macro2",
 "quote",
 "unicode-xid",
]

[[package]]
name = "syn-mid"
version = "0.5.0"
source = "registry+https://github.com/rust-lang/crates.io-index"
checksum = "7be3539f6c128a931cf19dcee741c1af532c7fd387baa739c03dd2e96479338a"
dependencies = [
 "proc-macro2",
 "quote",
 "syn",
]

[[package]]
name = "telemetry"
version = "1.0.0"
dependencies = [
 "clap",
 "env_logger",
 "log",
 "nom",
 "serial",
]

[[package]]
name = "termcolor"
version = "1.1.0"
source = "registry+https://github.com/rust-lang/crates.io-index"
checksum = "bb6bfa289a4d7c5766392812c0a1f4c1ba45afa1ad47803c11e1f407d846d75f"
dependencies = [
 "winapi-util",
]

[[package]]
name = "termios"
version = "0.2.2"
source = "registry+https://github.com/rust-lang/crates.io-index"
checksum = "d5d9cf598a6d7ce700a4e6a9199da127e6819a61e64b68609683cc9a01b5683a"
dependencies = [
 "libc",
]

[[package]]
name = "textwrap"
version = "0.11.0"
source = "registry+https://github.com/rust-lang/crates.io-index"
checksum = "d326610f408c7a4eb6f51c37c330e496b08506c9457c9d34287ecc38809fb060"
dependencies = [
 "unicode-width",
]

[[package]]
name = "thread_local"
version = "1.0.1"
source = "registry+https://github.com/rust-lang/crates.io-index"
checksum = "d40c6d1b69745a6ec6fb1ca717914848da4b44ae29d9b3080cbee91d72a69b14"
dependencies = [
 "lazy_static",
]

[[package]]
name = "unicode-segmentation"
version = "1.6.0"
source = "registry+https://github.com/rust-lang/crates.io-index"
checksum = "e83e153d1053cbb5a118eeff7fd5be06ed99153f00dbcd8ae310c5fb2b22edc0"

[[package]]
name = "unicode-width"
version = "0.1.7"
source = "registry+https://github.com/rust-lang/crates.io-index"
checksum = "caaa9d531767d1ff2150b9332433f32a24622147e5ebb1f26409d5da67afd479"

[[package]]
name = "unicode-xid"
version = "0.2.0"
source = "registry+https://github.com/rust-lang/crates.io-index"
checksum = "826e7639553986605ec5979c7dd957c7895e93eabed50ab2ffa7f6128a75097c"

[[package]]
name = "vec_map"
version = "0.8.1"
source = "registry+https://github.com/rust-lang/crates.io-index"
checksum = "05c78687fb1a80548ae3250346c3db86a80a7cdd77bda190189f2d0a0987c81a"

[[package]]
name = "version_check"
version = "0.9.1"
source = "registry+https://github.com/rust-lang/crates.io-index"
checksum = "078775d0255232fb988e6fccf26ddc9d1ac274299aaedcedce21c6f72cc533ce"

[[package]]
name = "winapi"
version = "0.3.8"
source = "registry+https://github.com/rust-lang/crates.io-index"
checksum = "8093091eeb260906a183e6ae1abdba2ef5ef2257a21801128899c3fc699229c6"
dependencies = [
 "winapi-i686-pc-windows-gnu",
 "winapi-x86_64-pc-windows-gnu",
]

[[package]]
name = "winapi-i686-pc-windows-gnu"
version = "0.4.0"
source = "registry+https://github.com/rust-lang/crates.io-index"
checksum = "ac3b87c63620426dd9b991e5ce0329eff545bccbbb34f3be09ff6fb6ab51b7b6"

[[package]]
name = "winapi-util"
version = "0.1.4"
source = "registry+https://github.com/rust-lang/crates.io-index"
checksum = "fa515c5163a99cc82bab70fd3bfdd36d827be85de63737b40fcef2ce084a436e"
dependencies = [
 "winapi",
]

[[package]]
name = "winapi-x86_64-pc-windows-gnu"
version = "0.4.0"
source = "registry+https://github.com/rust-lang/crates.io-index"
checksum = "712e227841d057c1ee1cd2fb22fa7e5a5461ae8e48fa2ca79ec42cfc1931183f"
