# This file is automatically @generated by Cargo.
# It is not intended for manual editing.
[[package]]
name = "ioctl-rs"
version = "0.1.6"
source = "registry+https://github.com/rust-lang/crates.io-index"
checksum = "f7970510895cee30b3e9128319f2cefd4bde883a39f38baa279567ba3a7eb97d"
dependencies = [
 "libc",
]

[[package]]
name = "libc"
version = "0.2.68"
source = "registry+https://github.com/rust-lang/crates.io-index"
checksum = "dea0c0405123bba743ee3f91f49b1c7cfb684eef0da0a50110f758ccf24cdff0"

[[package]]
name = "serial"
version = "0.4.0"
source = "registry+https://github.com/rust-lang/crates.io-index"
checksum = "a1237a96570fc377c13baa1b88c7589ab66edced652e43ffb17088f003db3e86"
dependencies = [
 "serial-core",
 "serial-unix",
 "serial-windows",
]

[[package]]
name = "serial-core"
version = "0.4.0"
source = "registry+https://github.com/rust-lang/crates.io-index"
checksum = "3f46209b345401737ae2125fe5b19a77acce90cd53e1658cda928e4fe9a64581"
dependencies = [
 "libc",
]

[[package]]
name = "serial-unix"
version = "0.4.0"
source = "registry+https://github.com/rust-lang/crates.io-index"
checksum = "f03fbca4c9d866e24a459cbca71283f545a37f8e3e002ad8c70593871453cab7"
dependencies = [
 "ioctl-rs",
 "libc",
 "serial-core",
 "termios",
]

[[package]]
name = "serial-windows"
version = "0.4.0"
source = "registry+https://github.com/rust-lang/crates.io-index"
checksum = "15c6d3b776267a75d31bbdfd5d36c0ca051251caafc285827052bc53bcdc8162"
dependencies = [
 "libc",
 "serial-core",
]

[[package]]
name = "telemetry-debug"
version = "0.1.0"
dependencies = [
 "serial",
]

[[package]]
name = "termios"
version = "0.2.2"
source = "registry+https://github.com/rust-lang/crates.io-index"
checksum = "d5d9cf598a6d7ce700a4e6a9199da127e6819a61e64b68609683cc9a01b5683a"
dependencies = [
 "libc",
]
